// !$*UTF8*$!
{
	archiveVersion = 1;
	classes = {
	};
	objectVersion = 48;
	objects = {

/* Begin PBXBuildFile section */
		4400ABE721E5F461000433E0 /* Chaos_ Chaos_.png in Resources */ = {isa = PBXBuildFile; fileRef = 4400ABE621E5F461000433E0 /* Chaos_ Chaos_.png */; };
		4400ABE921E5F5B9000433E0 /* CelebrationCollectionViewController.swift in Sources */ = {isa = PBXBuildFile; fileRef = 4400ABE821E5F5B9000433E0 /* CelebrationCollectionViewController.swift */; };
		4400ABEB21E5F75C000433E0 /* CelebrationCollectionViewCell.swift in Sources */ = {isa = PBXBuildFile; fileRef = 4400ABEA21E5F75C000433E0 /* CelebrationCollectionViewCell.swift */; };
		4400ABEF21E5FABC000433E0 /* CelebrationViewController.swift in Sources */ = {isa = PBXBuildFile; fileRef = 4400ABEE21E5FABC000433E0 /* CelebrationViewController.swift */; };
		4406F23721620B8F00155818 /* NoCollectionViewController.swift in Sources */ = {isa = PBXBuildFile; fileRef = 4406F23121620B8F00155818 /* NoCollectionViewController.swift */; };
		4406F23821620B8F00155818 /* noCollectionViewCell.swift in Sources */ = {isa = PBXBuildFile; fileRef = 4406F23221620B8F00155818 /* noCollectionViewCell.swift */; };
		4406F23921620B8F00155818 /* YesCollectionViewController.swift in Sources */ = {isa = PBXBuildFile; fileRef = 4406F23321620B8F00155818 /* YesCollectionViewController.swift */; };
		4406F23A21620B8F00155818 /* MaybeCollectionViewController.swift in Sources */ = {isa = PBXBuildFile; fileRef = 4406F23421620B8F00155818 /* MaybeCollectionViewController.swift */; };
		4406F23B21620B8F00155818 /* YesCollectionViewCell.swift in Sources */ = {isa = PBXBuildFile; fileRef = 4406F23521620B8F00155818 /* YesCollectionViewCell.swift */; };
		4406F23C21620B8F00155818 /* MaybeCollectionViewCell.swift in Sources */ = {isa = PBXBuildFile; fileRef = 4406F23621620B8F00155818 /* MaybeCollectionViewCell.swift */; };
		44110B1F21ADD8BC00151388 /* CameraViewController.swift in Sources */ = {isa = PBXBuildFile; fileRef = 44110B1E21ADD8BC00151388 /* CameraViewController.swift */; };
		441AC32B21E4E1350034A5F7 /* pancakes.jpg in Resources */ = {isa = PBXBuildFile; fileRef = 441AC32A21E4E1350034A5F7 /* pancakes.jpg */; };
		441AC33121E4E1AC0034A5F7 /* bananas-bunch-food-41957.jpg in Resources */ = {isa = PBXBuildFile; fileRef = 441AC33021E4E1AB0034A5F7 /* bananas-bunch-food-41957.jpg */; };
		441AC33321E4E1D60034A5F7 /* bread-breakfast-eat-33309.jpg in Resources */ = {isa = PBXBuildFile; fileRef = 441AC33221E4E1D60034A5F7 /* bread-breakfast-eat-33309.jpg */; };
		441AC33521E4E1EE0034A5F7 /* apple-food-fruit-39803.jpg in Resources */ = {isa = PBXBuildFile; fileRef = 441AC33421E4E1EE0034A5F7 /* apple-food-fruit-39803.jpg */; };
		441AC33721E4E20F0034A5F7 /* blur-close-up-corn-603030.jpg in Resources */ = {isa = PBXBuildFile; fileRef = 441AC33621E4E20F0034A5F7 /* blur-close-up-corn-603030.jpg */; };
		441AC33921E4E25F0034A5F7 /* baked-bread-breakfast-209206.jpg in Resources */ = {isa = PBXBuildFile; fileRef = 441AC33821E4E25F0034A5F7 /* baked-bread-breakfast-209206.jpg */; };
		441AC33D21E4E3620034A5F7 /* blur-close-up-cooking-161533.jpg in Resources */ = {isa = PBXBuildFile; fileRef = 441AC33C21E4E3620034A5F7 /* blur-close-up-cooking-161533.jpg */; };
		441AC33F21E4E3990034A5F7 /* raspberry.jpg in Resources */ = {isa = PBXBuildFile; fileRef = 441AC33E21E4E3990034A5F7 /* raspberry.jpg */; };
		443095C521DC05D400E04A46 /* triangles.JPG in Resources */ = {isa = PBXBuildFile; fileRef = 443095C421DC05D300E04A46 /* triangles.JPG */; };
		443095C921DC0F3600E04A46 /* tutorial_background_2.JPG in Resources */ = {isa = PBXBuildFile; fileRef = 443095C821DC0F3500E04A46 /* tutorial_background_2.JPG */; };
		444DCDA921D36B5B004408D9 /* Launch Screen.storyboard in Resources */ = {isa = PBXBuildFile; fileRef = 444DCDA821D36B5B004408D9 /* Launch Screen.storyboard */; };
		4451E2C621BABA37008BB36E /* NoCollectionViewLayout.swift in Sources */ = {isa = PBXBuildFile; fileRef = 4451E2C521BABA37008BB36E /* NoCollectionViewLayout.swift */; };
		4461FFE221B59DFD00354109 /* MaybeCollectionViewLayout.swift in Sources */ = {isa = PBXBuildFile; fileRef = 4461FFE121B59DFD00354109 /* MaybeCollectionViewLayout.swift */; };
		446963E221E95F5C00D5B240 /* Camera-2.png in Resources */ = {isa = PBXBuildFile; fileRef = 446963E121E95F5C00D5B240 /* Camera-2.png */; };
		446963E421E95F6D00D5B240 /* back.png in Resources */ = {isa = PBXBuildFile; fileRef = 446963E321E95F6D00D5B240 /* back.png */; };
		446963E821E95F8D00D5B240 /* roll.png in Resources */ = {isa = PBXBuildFile; fileRef = 446963E721E95F8D00D5B240 /* roll.png */; };
		446963EA21E95F9F00D5B240 /* trying.png in Resources */ = {isa = PBXBuildFile; fileRef = 446963E921E95F9F00D5B240 /* trying.png */; };
		446963EC21E9609F00D5B240 /* 2.png in Resources */ = {isa = PBXBuildFile; fileRef = 446963EB21E9609E00D5B240 /* 2.png */; };
		446963EE21E960B000D5B240 /* Loading Screens1.png in Resources */ = {isa = PBXBuildFile; fileRef = 446963ED21E960B000D5B240 /* Loading Screens1.png */; };
		446963F021E9652F00D5B240 /* hahahahahahaha.png in Resources */ = {isa = PBXBuildFile; fileRef = 446963EF21E9652F00D5B240 /* hahahahahahaha.png */; };
		446963F221E966C300D5B240 /* broccoli.jpg in Resources */ = {isa = PBXBuildFile; fileRef = 446963F121E966C300D5B240 /* broccoli.jpg */; };
		446963F421E966E300D5B240 /* takeThis.png in Resources */ = {isa = PBXBuildFile; fileRef = 446963F321E966E300D5B240 /* takeThis.png */; };
		446E748321412FD800B326D9 /* AppDelegate.swift in Sources */ = {isa = PBXBuildFile; fileRef = 446E748221412FD800B326D9 /* AppDelegate.swift */; };
		446E748521412FD800B326D9 /* ViewController.swift in Sources */ = {isa = PBXBuildFile; fileRef = 446E748421412FD800B326D9 /* ViewController.swift */; };
		446E748821412FD800B326D9 /* Main.storyboard in Resources */ = {isa = PBXBuildFile; fileRef = 446E748621412FD800B326D9 /* Main.storyboard */; };
		446E748B21412FD800B326D9 /* TinderClone.xcdatamodeld in Sources */ = {isa = PBXBuildFile; fileRef = 446E748921412FD800B326D9 /* TinderClone.xcdatamodeld */; };
		446E748D21412FD800B326D9 /* Assets.xcassets in Resources */ = {isa = PBXBuildFile; fileRef = 446E748C21412FD800B326D9 /* Assets.xcassets */; };
		446E749021412FD800B326D9 /* LaunchScreen.storyboard in Resources */ = {isa = PBXBuildFile; fileRef = 446E748E21412FD800B326D9 /* LaunchScreen.storyboard */; };
		446E749B21412FD800B326D9 /* TinderCloneTests.swift in Sources */ = {isa = PBXBuildFile; fileRef = 446E749A21412FD800B326D9 /* TinderCloneTests.swift */; };
		447F422E21EBB0EF0042C6EB /* pizza.jpeg in Resources */ = {isa = PBXBuildFile; fileRef = 447F422D21EBB0EF0042C6EB /* pizza.jpeg */; };
		447F423021EBB1180042C6EB /* oatmeal.jpeg in Resources */ = {isa = PBXBuildFile; fileRef = 447F422F21EBB1180042C6EB /* oatmeal.jpeg */; };
		447F423221EBB1340042C6EB /* cheese.jpeg in Resources */ = {isa = PBXBuildFile; fileRef = 447F423121EBB1340042C6EB /* cheese.jpeg */; };
		447F423421EBB17D0042C6EB /* rice.jpeg in Resources */ = {isa = PBXBuildFile; fileRef = 447F423321EBB17D0042C6EB /* rice.jpeg */; };
		447F423621EBB1850042C6EB /* chicken.jpeg in Resources */ = {isa = PBXBuildFile; fileRef = 447F423521EBB1850042C6EB /* chicken.jpeg */; };
		447F423821EBB1910042C6EB /* boiled_eggs.jpeg in Resources */ = {isa = PBXBuildFile; fileRef = 447F423721EBB1910042C6EB /* boiled_eggs.jpeg */; };
		447F423A21EBB1DE0042C6EB /* milk.jpg in Resources */ = {isa = PBXBuildFile; fileRef = 447F423921EBB1DE0042C6EB /* milk.jpg */; };
		447F423C21EBB1E50042C6EB /* salmon.jpg in Resources */ = {isa = PBXBuildFile; fileRef = 447F423B21EBB1E50042C6EB /* salmon.jpg */; };
		447F423E21EBB2170042C6EB /* barbecue-bbq-close-up-72160.jpg in Resources */ = {isa = PBXBuildFile; fileRef = 447F423D21EBB2170042C6EB /* barbecue-bbq-close-up-72160.jpg */; };
		447F424021EBB22A0042C6EB /* peas.jpg in Resources */ = {isa = PBXBuildFile; fileRef = 447F423F21EBB22A0042C6EB /* peas.jpg */; };
		447F424221EBB24C0042C6EB /* chip-cirspy-delicious-1583884.jpg in Resources */ = {isa = PBXBuildFile; fileRef = 447F424121EBB24C0042C6EB /* chip-cirspy-delicious-1583884.jpg */; };
		447F424621EBB3960042C6EB /* pasta.jpeg in Resources */ = {isa = PBXBuildFile; fileRef = 447F424521EBB3960042C6EB /* pasta.jpeg */; };
		447F424B21EBB80C0042C6EB /* chaos.jpg in Resources */ = {isa = PBXBuildFile; fileRef = 447F424A21EBB80B0042C6EB /* chaos.jpg */; };
		4498109C2150F90200508599 /* CustomViewController.swift in Sources */ = {isa = PBXBuildFile; fileRef = 4498109B2150F90200508599 /* CustomViewController.swift */; };
		44B2708121DD8F9B00F6D424 /* Maybe3CollectionViewController.swift in Sources */ = {isa = PBXBuildFile; fileRef = 44B2708021DD8F9B00F6D424 /* Maybe3CollectionViewController.swift */; };
		44B711ED21DF60AB00537170 /* MASK_dp.png in Resources */ = {isa = PBXBuildFile; fileRef = 44B711EC21DF60AA00537170 /* MASK_dp.png */; };
		44B711EF21DF612500537170 /* MASK_p.png in Resources */ = {isa = PBXBuildFile; fileRef = 44B711EE21DF612500537170 /* MASK_p.png */; };
		44B711F121DF626700537170 /* MASK_dp_small.png in Resources */ = {isa = PBXBuildFile; fileRef = 44B711F021DF626700537170 /* MASK_dp_small.png */; };
		44B711F321DF65E000537170 /* MASK.png in Resources */ = {isa = PBXBuildFile; fileRef = 44B711F221DF65E000537170 /* MASK.png */; };
		44B9A68E21CFE0B10019E8FE /* preViewController.swift in Sources */ = {isa = PBXBuildFile; fileRef = 44B9A68D21CFE0B10019E8FE /* preViewController.swift */; };
		44D749E321E1E1AD00071C4D /* Chaos_ Chaos_2.png in Resources */ = {isa = PBXBuildFile; fileRef = 44D749E221E1E1AD00071C4D /* Chaos_ Chaos_2.png */; };
		44D749E521E1FBF200071C4D /* Thingy.png in Resources */ = {isa = PBXBuildFile; fileRef = 44D749E421E1FBF200071C4D /* Thingy.png */; };
		44D8B37F216216D60019077D /* YesCollectionViewLayout.swift in Sources */ = {isa = PBXBuildFile; fileRef = 44D8B37E216216D60019077D /* YesCollectionViewLayout.swift */; };
		44D8B3832162403C0019077D /* FoodData.csv in Resources */ = {isa = PBXBuildFile; fileRef = 44D8B3822162403B0019077D /* FoodData.csv */; };
		44EABBD3214D61AA006AB475 /* Snippets.swift in Sources */ = {isa = PBXBuildFile; fileRef = 44EABBD2214D61AA006AB475 /* Snippets.swift */; };
		44EB2D5421D4F8EE0041B8FC /* RibbonsOnboardingViewController.swift in Sources */ = {isa = PBXBuildFile; fileRef = 44EB2D5321D4F8EE0041B8FC /* RibbonsOnboardingViewController.swift */; };
		44EB2D5621D4FD4E0041B8FC /* MotivationViewController.swift in Sources */ = {isa = PBXBuildFile; fileRef = 44EB2D5521D4FD4D0041B8FC /* MotivationViewController.swift */; };
		44EC776C21E47D7E00DB77F6 /* cross.png in Resources */ = {isa = PBXBuildFile; fileRef = 44EC776B21E47D7E00DB77F6 /* cross.png */; };
		44EC777021E47EA900DB77F6 /* tick.jpg in Resources */ = {isa = PBXBuildFile; fileRef = 44EC776F21E47EA900DB77F6 /* tick.jpg */; };
		44F0469A21DF774B0062C063 /* Good.png in Resources */ = {isa = PBXBuildFile; fileRef = 44F0469921DF774B0062C063 /* Good.png */; };
		44F0469C21DF77510062C063 /* Maybe.png in Resources */ = {isa = PBXBuildFile; fileRef = 44F0469B21DF77510062C063 /* Maybe.png */; };
		44F0469E21DF77570062C063 /* Bad.png in Resources */ = {isa = PBXBuildFile; fileRef = 44F0469D21DF77570062C063 /* Bad.png */; };
		44F046A021DF775D0062C063 /* Camera.png in Resources */ = {isa = PBXBuildFile; fileRef = 44F0469F21DF775D0062C063 /* Camera.png */; };
		44F046AA21DFA25E0062C063 /* TargetCollectionViewCell.swift in Sources */ = {isa = PBXBuildFile; fileRef = 44F046A921DFA25E0062C063 /* TargetCollectionViewCell.swift */; };
		44F046AC21DFA32F0062C063 /* TargetCollectionViewController.swift in Sources */ = {isa = PBXBuildFile; fileRef = 44F046AB21DFA32F0062C063 /* TargetCollectionViewController.swift */; };
		44F046B621E0D5E30062C063 /* dummyData in Resources */ = {isa = PBXBuildFile; fileRef = 44F046B521E0D5E30062C063 /* dummyData */; };
		44FC4E5C21DCDB100028B667 /* CameraButtonViewController.swift in Sources */ = {isa = PBXBuildFile; fileRef = 44FC4E5B21DCDB100028B667 /* CameraButtonViewController.swift */; };
		44FC4E5E21DCE9E80028B667 /* Maybe2CollectionViewController.swift in Sources */ = {isa = PBXBuildFile; fileRef = 44FC4E5D21DCE9E80028B667 /* Maybe2CollectionViewController.swift */; };
		44FC4E6021DCF02A0028B667 /* Maybe2CollectionViewCell.swift in Sources */ = {isa = PBXBuildFile; fileRef = 44FC4E5F21DCF02A0028B667 /* Maybe2CollectionViewCell.swift */; };
/* End PBXBuildFile section */

/* Begin PBXContainerItemProxy section */
		446E749721412FD800B326D9 /* PBXContainerItemProxy */ = {
			isa = PBXContainerItemProxy;
			containerPortal = 446E747721412FD800B326D9 /* Project object */;
			proxyType = 1;
			remoteGlobalIDString = 446E747E21412FD800B326D9;
			remoteInfo = TinderClone;
		};
/* End PBXContainerItemProxy section */

/* Begin PBXFileReference section */
		4400ABE621E5F461000433E0 /* Chaos_ Chaos_.png */ = {isa = PBXFileReference; lastKnownFileType = image.png; path = "Chaos_ Chaos_.png"; sourceTree = "<group>"; };
		4400ABE821E5F5B9000433E0 /* CelebrationCollectionViewController.swift */ = {isa = PBXFileReference; lastKnownFileType = sourcecode.swift; path = CelebrationCollectionViewController.swift; sourceTree = "<group>"; };
		4400ABEA21E5F75C000433E0 /* CelebrationCollectionViewCell.swift */ = {isa = PBXFileReference; lastKnownFileType = sourcecode.swift; path = CelebrationCollectionViewCell.swift; sourceTree = "<group>"; };
		4400ABEE21E5FABC000433E0 /* CelebrationViewController.swift */ = {isa = PBXFileReference; lastKnownFileType = sourcecode.swift; path = CelebrationViewController.swift; sourceTree = "<group>"; };
		4406F23121620B8F00155818 /* NoCollectionViewController.swift */ = {isa = PBXFileReference; fileEncoding = 4; lastKnownFileType = sourcecode.swift; path = NoCollectionViewController.swift; sourceTree = "<group>"; };
		4406F23221620B8F00155818 /* noCollectionViewCell.swift */ = {isa = PBXFileReference; fileEncoding = 4; lastKnownFileType = sourcecode.swift; path = noCollectionViewCell.swift; sourceTree = "<group>"; };
		4406F23321620B8F00155818 /* YesCollectionViewController.swift */ = {isa = PBXFileReference; fileEncoding = 4; lastKnownFileType = sourcecode.swift; path = YesCollectionViewController.swift; sourceTree = "<group>"; };
		4406F23421620B8F00155818 /* MaybeCollectionViewController.swift */ = {isa = PBXFileReference; fileEncoding = 4; lastKnownFileType = sourcecode.swift; path = MaybeCollectionViewController.swift; sourceTree = "<group>"; };
		4406F23521620B8F00155818 /* YesCollectionViewCell.swift */ = {isa = PBXFileReference; fileEncoding = 4; lastKnownFileType = sourcecode.swift; path = YesCollectionViewCell.swift; sourceTree = "<group>"; };
		4406F23621620B8F00155818 /* MaybeCollectionViewCell.swift */ = {isa = PBXFileReference; fileEncoding = 4; lastKnownFileType = sourcecode.swift; path = MaybeCollectionViewCell.swift; sourceTree = "<group>"; };
		44110B1E21ADD8BC00151388 /* CameraViewController.swift */ = {isa = PBXFileReference; lastKnownFileType = sourcecode.swift; path = CameraViewController.swift; sourceTree = "<group>"; };
		441AC32A21E4E1350034A5F7 /* pancakes.jpg */ = {isa = PBXFileReference; lastKnownFileType = image.jpeg; path = pancakes.jpg; sourceTree = "<group>"; };
		441AC33021E4E1AB0034A5F7 /* bananas-bunch-food-41957.jpg */ = {isa = PBXFileReference; lastKnownFileType = image.jpeg; path = "bananas-bunch-food-41957.jpg"; sourceTree = "<group>"; };
		441AC33221E4E1D60034A5F7 /* bread-breakfast-eat-33309.jpg */ = {isa = PBXFileReference; lastKnownFileType = image.jpeg; path = "bread-breakfast-eat-33309.jpg"; sourceTree = "<group>"; };
		441AC33421E4E1EE0034A5F7 /* apple-food-fruit-39803.jpg */ = {isa = PBXFileReference; lastKnownFileType = image.jpeg; path = "apple-food-fruit-39803.jpg"; sourceTree = "<group>"; };
		441AC33621E4E20F0034A5F7 /* blur-close-up-corn-603030.jpg */ = {isa = PBXFileReference; lastKnownFileType = image.jpeg; path = "blur-close-up-corn-603030.jpg"; sourceTree = "<group>"; };
		441AC33821E4E25F0034A5F7 /* baked-bread-breakfast-209206.jpg */ = {isa = PBXFileReference; lastKnownFileType = image.jpeg; path = "baked-bread-breakfast-209206.jpg"; sourceTree = "<group>"; };
		441AC33C21E4E3620034A5F7 /* blur-close-up-cooking-161533.jpg */ = {isa = PBXFileReference; lastKnownFileType = image.jpeg; path = "blur-close-up-cooking-161533.jpg"; sourceTree = "<group>"; };
		441AC33E21E4E3990034A5F7 /* raspberry.jpg */ = {isa = PBXFileReference; lastKnownFileType = image.jpeg; path = raspberry.jpg; sourceTree = "<group>"; };
		443095C421DC05D300E04A46 /* triangles.JPG */ = {isa = PBXFileReference; lastKnownFileType = image.jpeg; path = triangles.JPG; sourceTree = "<group>"; };
		443095C821DC0F3500E04A46 /* tutorial_background_2.JPG */ = {isa = PBXFileReference; lastKnownFileType = image.jpeg; path = tutorial_background_2.JPG; sourceTree = "<group>"; };
		444DCDA821D36B5B004408D9 /* Launch Screen.storyboard */ = {isa = PBXFileReference; lastKnownFileType = file.storyboard; path = "Launch Screen.storyboard"; sourceTree = "<group>"; };
		4451E2C521BABA37008BB36E /* NoCollectionViewLayout.swift */ = {isa = PBXFileReference; lastKnownFileType = sourcecode.swift; path = NoCollectionViewLayout.swift; sourceTree = "<group>"; };
		4461FFE121B59DFD00354109 /* MaybeCollectionViewLayout.swift */ = {isa = PBXFileReference; lastKnownFileType = sourcecode.swift; path = MaybeCollectionViewLayout.swift; sourceTree = "<group>"; };
		446963E121E95F5C00D5B240 /* Camera-2.png */ = {isa = PBXFileReference; lastKnownFileType = image.png; path = "Camera-2.png"; sourceTree = "<group>"; };
		446963E321E95F6D00D5B240 /* back.png */ = {isa = PBXFileReference; lastKnownFileType = image.png; path = back.png; sourceTree = "<group>"; };
		446963E721E95F8D00D5B240 /* roll.png */ = {isa = PBXFileReference; lastKnownFileType = image.png; path = roll.png; sourceTree = "<group>"; };
		446963E921E95F9F00D5B240 /* trying.png */ = {isa = PBXFileReference; lastKnownFileType = image.png; path = trying.png; sourceTree = "<group>"; };
		446963EB21E9609E00D5B240 /* 2.png */ = {isa = PBXFileReference; lastKnownFileType = image.png; path = 2.png; sourceTree = "<group>"; };
		446963ED21E960B000D5B240 /* Loading Screens1.png */ = {isa = PBXFileReference; lastKnownFileType = image.png; path = "Loading Screens1.png"; sourceTree = "<group>"; };
		446963EF21E9652F00D5B240 /* hahahahahahaha.png */ = {isa = PBXFileReference; lastKnownFileType = image.png; path = hahahahahahaha.png; sourceTree = "<group>"; };
		446963F121E966C300D5B240 /* broccoli.jpg */ = {isa = PBXFileReference; lastKnownFileType = image.jpeg; path = broccoli.jpg; sourceTree = "<group>"; };
		446963F321E966E300D5B240 /* takeThis.png */ = {isa = PBXFileReference; lastKnownFileType = image.png; path = takeThis.png; sourceTree = "<group>"; };
		446E747F21412FD800B326D9 /* TinderClone.app */ = {isa = PBXFileReference; explicitFileType = wrapper.application; includeInIndex = 0; path = TinderClone.app; sourceTree = BUILT_PRODUCTS_DIR; };
		446E748221412FD800B326D9 /* AppDelegate.swift */ = {isa = PBXFileReference; lastKnownFileType = sourcecode.swift; path = AppDelegate.swift; sourceTree = "<group>"; };
		446E748421412FD800B326D9 /* ViewController.swift */ = {isa = PBXFileReference; lastKnownFileType = sourcecode.swift; path = ViewController.swift; sourceTree = "<group>"; };
		446E748721412FD800B326D9 /* Base */ = {isa = PBXFileReference; lastKnownFileType = file.storyboard; name = Base; path = Base.lproj/Main.storyboard; sourceTree = "<group>"; };
		446E748A21412FD800B326D9 /* TinderClone.xcdatamodel */ = {isa = PBXFileReference; lastKnownFileType = wrapper.xcdatamodel; path = TinderClone.xcdatamodel; sourceTree = "<group>"; };
		446E748C21412FD800B326D9 /* Assets.xcassets */ = {isa = PBXFileReference; lastKnownFileType = folder.assetcatalog; path = Assets.xcassets; sourceTree = "<group>"; };
		446E748F21412FD800B326D9 /* Base */ = {isa = PBXFileReference; lastKnownFileType = file.storyboard; name = Base; path = Base.lproj/LaunchScreen.storyboard; sourceTree = "<group>"; };
		446E749121412FD800B326D9 /* Info.plist */ = {isa = PBXFileReference; lastKnownFileType = text.plist.xml; path = Info.plist; sourceTree = "<group>"; };
		446E749621412FD800B326D9 /* TinderCloneTests.xctest */ = {isa = PBXFileReference; explicitFileType = wrapper.cfbundle; includeInIndex = 0; path = TinderCloneTests.xctest; sourceTree = BUILT_PRODUCTS_DIR; };
		446E749A21412FD800B326D9 /* TinderCloneTests.swift */ = {isa = PBXFileReference; lastKnownFileType = sourcecode.swift; path = TinderCloneTests.swift; sourceTree = "<group>"; };
		446E749C21412FD800B326D9 /* Info.plist */ = {isa = PBXFileReference; lastKnownFileType = text.plist.xml; path = Info.plist; sourceTree = "<group>"; };
		447F422D21EBB0EF0042C6EB /* pizza.jpeg */ = {isa = PBXFileReference; lastKnownFileType = image.jpeg; path = pizza.jpeg; sourceTree = "<group>"; };
		447F422F21EBB1180042C6EB /* oatmeal.jpeg */ = {isa = PBXFileReference; lastKnownFileType = image.jpeg; path = oatmeal.jpeg; sourceTree = "<group>"; };
		447F423121EBB1340042C6EB /* cheese.jpeg */ = {isa = PBXFileReference; lastKnownFileType = image.jpeg; path = cheese.jpeg; sourceTree = "<group>"; };
		447F423321EBB17D0042C6EB /* rice.jpeg */ = {isa = PBXFileReference; lastKnownFileType = image.jpeg; path = rice.jpeg; sourceTree = "<group>"; };
		447F423521EBB1850042C6EB /* chicken.jpeg */ = {isa = PBXFileReference; lastKnownFileType = image.jpeg; path = chicken.jpeg; sourceTree = "<group>"; };
		447F423721EBB1910042C6EB /* boiled_eggs.jpeg */ = {isa = PBXFileReference; lastKnownFileType = image.jpeg; path = boiled_eggs.jpeg; sourceTree = "<group>"; };
		447F423921EBB1DE0042C6EB /* milk.jpg */ = {isa = PBXFileReference; lastKnownFileType = image.jpeg; path = milk.jpg; sourceTree = "<group>"; };
		447F423B21EBB1E50042C6EB /* salmon.jpg */ = {isa = PBXFileReference; lastKnownFileType = image.jpeg; path = salmon.jpg; sourceTree = "<group>"; };
		447F423D21EBB2170042C6EB /* barbecue-bbq-close-up-72160.jpg */ = {isa = PBXFileReference; lastKnownFileType = image.jpeg; path = "barbecue-bbq-close-up-72160.jpg"; sourceTree = "<group>"; };
		447F423F21EBB22A0042C6EB /* peas.jpg */ = {isa = PBXFileReference; lastKnownFileType = image.jpeg; path = peas.jpg; sourceTree = "<group>"; };
		447F424121EBB24C0042C6EB /* chip-cirspy-delicious-1583884.jpg */ = {isa = PBXFileReference; lastKnownFileType = image.jpeg; path = "chip-cirspy-delicious-1583884.jpg"; sourceTree = "<group>"; };
		447F424521EBB3960042C6EB /* pasta.jpeg */ = {isa = PBXFileReference; lastKnownFileType = image.jpeg; path = pasta.jpeg; sourceTree = "<group>"; };
		447F424721EBB69A0042C6EB /* chaos.jpg */ = {isa = PBXFileReference; lastKnownFileType = image.jpeg; path = chaos.jpg; sourceTree = "<group>"; };
		447F424821EBB6A90042C6EB /* triangles.JPG */ = {isa = PBXFileReference; lastKnownFileType = image.jpeg; path = triangles.JPG; sourceTree = "<group>"; };
		447F424921EBB6AE0042C6EB /* tutorial_background_2.JPG */ = {isa = PBXFileReference; lastKnownFileType = image.jpeg; path = tutorial_background_2.JPG; sourceTree = "<group>"; };
		447F424A21EBB80B0042C6EB /* chaos.jpg */ = {isa = PBXFileReference; lastKnownFileType = image.jpeg; path = chaos.jpg; sourceTree = "<group>"; };
		4498109B2150F90200508599 /* CustomViewController.swift */ = {isa = PBXFileReference; lastKnownFileType = sourcecode.swift; path = CustomViewController.swift; sourceTree = "<group>"; };
		44B2708021DD8F9B00F6D424 /* Maybe3CollectionViewController.swift */ = {isa = PBXFileReference; lastKnownFileType = sourcecode.swift; path = Maybe3CollectionViewController.swift; sourceTree = "<group>"; };
		44B711EC21DF60AA00537170 /* MASK_dp.png */ = {isa = PBXFileReference; lastKnownFileType = image.png; path = MASK_dp.png; sourceTree = "<group>"; };
		44B711EE21DF612500537170 /* MASK_p.png */ = {isa = PBXFileReference; lastKnownFileType = image.png; path = MASK_p.png; sourceTree = "<group>"; };
		44B711F021DF626700537170 /* MASK_dp_small.png */ = {isa = PBXFileReference; lastKnownFileType = image.png; path = MASK_dp_small.png; sourceTree = "<group>"; };
		44B711F221DF65E000537170 /* MASK.png */ = {isa = PBXFileReference; lastKnownFileType = image.png; path = MASK.png; sourceTree = "<group>"; };
		44B9A68D21CFE0B10019E8FE /* preViewController.swift */ = {isa = PBXFileReference; lastKnownFileType = sourcecode.swift; path = preViewController.swift; sourceTree = "<group>"; };
		44D749E221E1E1AD00071C4D /* Chaos_ Chaos_2.png */ = {isa = PBXFileReference; lastKnownFileType = image.png; path = "Chaos_ Chaos_2.png"; sourceTree = "<group>"; };
		44D749E421E1FBF200071C4D /* Thingy.png */ = {isa = PBXFileReference; lastKnownFileType = image.png; path = Thingy.png; sourceTree = "<group>"; };
		44D8B37E216216D60019077D /* YesCollectionViewLayout.swift */ = {isa = PBXFileReference; lastKnownFileType = sourcecode.swift; path = YesCollectionViewLayout.swift; sourceTree = "<group>"; };
		44D8B3822162403B0019077D /* FoodData.csv */ = {isa = PBXFileReference; fileEncoding = 4; lastKnownFileType = text; path = FoodData.csv; sourceTree = "<group>"; };
		44EABBD2214D61AA006AB475 /* Snippets.swift */ = {isa = PBXFileReference; lastKnownFileType = sourcecode.swift; path = Snippets.swift; sourceTree = "<group>"; };
		44EB2D5321D4F8EE0041B8FC /* RibbonsOnboardingViewController.swift */ = {isa = PBXFileReference; lastKnownFileType = sourcecode.swift; path = RibbonsOnboardingViewController.swift; sourceTree = "<group>"; };
		44EB2D5521D4FD4D0041B8FC /* MotivationViewController.swift */ = {isa = PBXFileReference; lastKnownFileType = sourcecode.swift; path = MotivationViewController.swift; sourceTree = "<group>"; };
		44EC776B21E47D7E00DB77F6 /* cross.png */ = {isa = PBXFileReference; lastKnownFileType = image.png; path = cross.png; sourceTree = "<group>"; };
		44EC776F21E47EA900DB77F6 /* tick.jpg */ = {isa = PBXFileReference; lastKnownFileType = image.jpeg; path = tick.jpg; sourceTree = "<group>"; };
		44F0469921DF774B0062C063 /* Good.png */ = {isa = PBXFileReference; lastKnownFileType = image.png; path = Good.png; sourceTree = "<group>"; };
		44F0469B21DF77510062C063 /* Maybe.png */ = {isa = PBXFileReference; lastKnownFileType = image.png; path = Maybe.png; sourceTree = "<group>"; };
		44F0469D21DF77570062C063 /* Bad.png */ = {isa = PBXFileReference; lastKnownFileType = image.png; path = Bad.png; sourceTree = "<group>"; };
		44F0469F21DF775D0062C063 /* Camera.png */ = {isa = PBXFileReference; lastKnownFileType = image.png; path = Camera.png; sourceTree = "<group>"; };
		44F046A921DFA25E0062C063 /* TargetCollectionViewCell.swift */ = {isa = PBXFileReference; lastKnownFileType = sourcecode.swift; path = TargetCollectionViewCell.swift; sourceTree = "<group>"; };
		44F046AB21DFA32F0062C063 /* TargetCollectionViewController.swift */ = {isa = PBXFileReference; lastKnownFileType = sourcecode.swift; path = TargetCollectionViewController.swift; sourceTree = "<group>"; };
		44F046B521E0D5E30062C063 /* dummyData */ = {isa = PBXFileReference; explicitFileType = text; path = dummyData; sourceTree = "<group>"; };
		44FC4E5B21DCDB100028B667 /* CameraButtonViewController.swift */ = {isa = PBXFileReference; lastKnownFileType = sourcecode.swift; path = CameraButtonViewController.swift; sourceTree = "<group>"; };
		44FC4E5D21DCE9E80028B667 /* Maybe2CollectionViewController.swift */ = {isa = PBXFileReference; lastKnownFileType = sourcecode.swift; path = Maybe2CollectionViewController.swift; sourceTree = "<group>"; };
		44FC4E5F21DCF02A0028B667 /* Maybe2CollectionViewCell.swift */ = {isa = PBXFileReference; lastKnownFileType = sourcecode.swift; path = Maybe2CollectionViewCell.swift; sourceTree = "<group>"; };
/* End PBXFileReference section */

/* Begin PBXFrameworksBuildPhase section */
		446E747C21412FD800B326D9 /* Frameworks */ = {
			isa = PBXFrameworksBuildPhase;
			buildActionMask = 2147483647;
			files = (
			);
			runOnlyForDeploymentPostprocessing = 0;
		};
		446E749321412FD800B326D9 /* Frameworks */ = {
			isa = PBXFrameworksBuildPhase;
			buildActionMask = 2147483647;
			files = (
			);
			runOnlyForDeploymentPostprocessing = 0;
		};
/* End PBXFrameworksBuildPhase section */

/* Begin PBXGroup section */
		4451E2C821BABBF4008BB36E /* Cell_Styles */ = {
			isa = PBXGroup;
			children = (
				4406F23621620B8F00155818 /* MaybeCollectionViewCell.swift */,
				4406F23221620B8F00155818 /* noCollectionViewCell.swift */,
				44FC4E5F21DCF02A0028B667 /* Maybe2CollectionViewCell.swift */,
				4406F23521620B8F00155818 /* YesCollectionViewCell.swift */,
				44F046A921DFA25E0062C063 /* TargetCollectionViewCell.swift */,
				4400ABEA21E5F75C000433E0 /* CelebrationCollectionViewCell.swift */,
			);
			path = Cell_Styles;
			sourceTree = "<group>";
		};
		4451E2C921BABC3C008BB36E /* Layout_Styles */ = {
			isa = PBXGroup;
			children = (
				4461FFE121B59DFD00354109 /* MaybeCollectionViewLayout.swift */,
				4451E2C521BABA37008BB36E /* NoCollectionViewLayout.swift */,
				44D8B37E216216D60019077D /* YesCollectionViewLayout.swift */,
			);
			path = Layout_Styles;
			sourceTree = "<group>";
		};
		4451E2CA21BABC4D008BB36E /* Ribbon_ViewControllers */ = {
			isa = PBXGroup;
			children = (
				4406F23321620B8F00155818 /* YesCollectionViewController.swift */,
				44F046AB21DFA32F0062C063 /* TargetCollectionViewController.swift */,
				44B2708021DD8F9B00F6D424 /* Maybe3CollectionViewController.swift */,
				44FC4E5D21DCE9E80028B667 /* Maybe2CollectionViewController.swift */,
				4406F23121620B8F00155818 /* NoCollectionViewController.swift */,
			);
			path = Ribbon_ViewControllers;
			sourceTree = "<group>";
		};
		4451E2CB21BABC8E008BB36E /* Auxilliary_Files */ = {
			isa = PBXGroup;
			children = (
				44EABBD2214D61AA006AB475 /* Snippets.swift */,
				4406F23421620B8F00155818 /* MaybeCollectionViewController.swift */,
				446E748221412FD800B326D9 /* AppDelegate.swift */,
				446E748921412FD800B326D9 /* TinderClone.xcdatamodeld */,
				44D8B3822162403B0019077D /* FoodData.csv */,
				44F046B521E0D5E30062C063 /* dummyData */,
			);
			path = Auxilliary_Files;
			sourceTree = "<group>";
		};
		446E747621412FD800B326D9 = {
			isa = PBXGroup;
			children = (
				446E748121412FD800B326D9 /* TinderClone */,
				446E749921412FD800B326D9 /* TinderCloneTests */,
				446E748021412FD800B326D9 /* Products */,
				446E74A721412FF300B326D9 /* FoodPictures */,
			);
			sourceTree = "<group>";
		};
		446E748021412FD800B326D9 /* Products */ = {
			isa = PBXGroup;
			children = (
				446E747F21412FD800B326D9 /* TinderClone.app */,
				446E749621412FD800B326D9 /* TinderCloneTests.xctest */,
			);
			name = Products;
			sourceTree = "<group>";
		};
		446E748121412FD800B326D9 /* TinderClone */ = {
			isa = PBXGroup;
			children = (
				446E748621412FD800B326D9 /* Main.storyboard */,
				444DCDA821D36B5B004408D9 /* Launch Screen.storyboard */,
				44EB2D4E21D4F74B0041B8FC /* Onboarding  */,
				4498109B2150F90200508599 /* CustomViewController.swift */,
				44110B1E21ADD8BC00151388 /* CameraViewController.swift */,
				4400ABEE21E5FABC000433E0 /* CelebrationViewController.swift */,
				4400ABE821E5F5B9000433E0 /* CelebrationCollectionViewController.swift */,
				4451E2C821BABBF4008BB36E /* Cell_Styles */,
				4451E2C921BABC3C008BB36E /* Layout_Styles */,
				4451E2CA21BABC4D008BB36E /* Ribbon_ViewControllers */,
				44FC4E5B21DCDB100028B667 /* CameraButtonViewController.swift */,
				446E748C21412FD800B326D9 /* Assets.xcassets */,
				44F046A321DF777F0062C063 /* RibbonBackgrounds */,
				44B2707D21DD7C6000F6D424 /* Masks */,
				446E748E21412FD800B326D9 /* LaunchScreen.storyboard */,
				446E749121412FD800B326D9 /* Info.plist */,
				4451E2CB21BABC8E008BB36E /* Auxilliary_Files */,
			);
			path = TinderClone;
			sourceTree = "<group>";
		};
		446E749921412FD800B326D9 /* TinderCloneTests */ = {
			isa = PBXGroup;
			children = (
				446E749A21412FD800B326D9 /* TinderCloneTests.swift */,
				446E749C21412FD800B326D9 /* Info.plist */,
			);
			path = TinderCloneTests;
			sourceTree = "<group>";
		};
		446E74A721412FF300B326D9 /* FoodPictures */ = {
			isa = PBXGroup;
			children = (
				443095C421DC05D300E04A46 /* triangles.JPG */,
				447F424A21EBB80B0042C6EB /* chaos.jpg */,
				443095C821DC0F3500E04A46 /* tutorial_background_2.JPG */,
				446963F121E966C300D5B240 /* broccoli.jpg */,
				447F423521EBB1850042C6EB /* chicken.jpeg */,
				441AC33021E4E1AB0034A5F7 /* bananas-bunch-food-41957.jpg */,
				441AC33621E4E20F0034A5F7 /* blur-close-up-corn-603030.jpg */,
				441AC33421E4E1EE0034A5F7 /* apple-food-fruit-39803.jpg */,
				441AC33821E4E25F0034A5F7 /* baked-bread-breakfast-209206.jpg */,
				441AC33221E4E1D60034A5F7 /* bread-breakfast-eat-33309.jpg */,
				441AC33C21E4E3620034A5F7 /* blur-close-up-cooking-161533.jpg */,
				44D749E421E1FBF200071C4D /* Thingy.png */,
				441AC33E21E4E3990034A5F7 /* raspberry.jpg */,
				447F424521EBB3960042C6EB /* pasta.jpeg */,
				447F423F21EBB22A0042C6EB /* peas.jpg */,
				447F423D21EBB2170042C6EB /* barbecue-bbq-close-up-72160.jpg */,
				447F423321EBB17D0042C6EB /* rice.jpeg */,
				447F424121EBB24C0042C6EB /* chip-cirspy-delicious-1583884.jpg */,
				447F422D21EBB0EF0042C6EB /* pizza.jpeg */,
				447F423B21EBB1E50042C6EB /* salmon.jpg */,
				447F423721EBB1910042C6EB /* boiled_eggs.jpeg */,
				447F423121EBB1340042C6EB /* cheese.jpeg */,
				447F423921EBB1DE0042C6EB /* milk.jpg */,
				447F422F21EBB1180042C6EB /* oatmeal.jpeg */,
				441AC32A21E4E1350034A5F7 /* pancakes.jpg */,
			);
			path = FoodPictures;
			sourceTree = "<group>";
		};
		44B2707D21DD7C6000F6D424 /* Masks */ = {
			isa = PBXGroup;
			children = (
				44B711F021DF626700537170 /* MASK_dp_small.png */,
				44B711F221DF65E000537170 /* MASK.png */,
				446963F321E966E300D5B240 /* takeThis.png */,
				44B711EE21DF612500537170 /* MASK_p.png */,
				44B711EC21DF60AA00537170 /* MASK_dp.png */,
			);
			path = Masks;
			sourceTree = "<group>";
		};
		44EB2D4E21D4F74B0041B8FC /* Onboarding  */ = {
			isa = PBXGroup;
			children = (
				44B9A68D21CFE0B10019E8FE /* preViewController.swift */,
				446E748421412FD800B326D9 /* ViewController.swift */,
				44EB2D5521D4FD4D0041B8FC /* MotivationViewController.swift */,
				44EB2D5321D4F8EE0041B8FC /* RibbonsOnboardingViewController.swift */,
			);
			path = "Onboarding ";
			sourceTree = "<group>";
		};
		44F046A321DF777F0062C063 /* RibbonBackgrounds */ = {
			isa = PBXGroup;
			children = (
				44F0469B21DF77510062C063 /* Maybe.png */,
				44EC776F21E47EA900DB77F6 /* tick.jpg */,
				44EC776B21E47D7E00DB77F6 /* cross.png */,
				446963EB21E9609E00D5B240 /* 2.png */,
				446963E321E95F6D00D5B240 /* back.png */,
				4400ABE621E5F461000433E0 /* Chaos_ Chaos_.png */,
				446963EF21E9652F00D5B240 /* hahahahahahaha.png */,
				446963E121E95F5C00D5B240 /* Camera-2.png */,
				44F0469921DF774B0062C063 /* Good.png */,
				446963ED21E960B000D5B240 /* Loading Screens1.png */,
				44D749E221E1E1AD00071C4D /* Chaos_ Chaos_2.png */,
				44F0469F21DF775D0062C063 /* Camera.png */,
				446963E721E95F8D00D5B240 /* roll.png */,
				447F424721EBB69A0042C6EB /* chaos.jpg */,
				446963E921E95F9F00D5B240 /* trying.png */,
				447F424821EBB6A90042C6EB /* triangles.JPG */,
				44F0469D21DF77570062C063 /* Bad.png */,
				447F424921EBB6AE0042C6EB /* tutorial_background_2.JPG */,
			);
			path = RibbonBackgrounds;
			sourceTree = "<group>";
		};
/* End PBXGroup section */

/* Begin PBXNativeTarget section */
		446E747E21412FD800B326D9 /* TinderClone */ = {
			isa = PBXNativeTarget;
			buildConfigurationList = 446E749F21412FD800B326D9 /* Build configuration list for PBXNativeTarget "TinderClone" */;
			buildPhases = (
				446E747B21412FD800B326D9 /* Sources */,
				446E747C21412FD800B326D9 /* Frameworks */,
				446E747D21412FD800B326D9 /* Resources */,
			);
			buildRules = (
			);
			dependencies = (
			);
			name = TinderClone;
			productName = TinderClone;
			productReference = 446E747F21412FD800B326D9 /* TinderClone.app */;
			productType = "com.apple.product-type.application";
		};
		446E749521412FD800B326D9 /* TinderCloneTests */ = {
			isa = PBXNativeTarget;
			buildConfigurationList = 446E74A221412FD800B326D9 /* Build configuration list for PBXNativeTarget "TinderCloneTests" */;
			buildPhases = (
				446E749221412FD800B326D9 /* Sources */,
				446E749321412FD800B326D9 /* Frameworks */,
				446E749421412FD800B326D9 /* Resources */,
			);
			buildRules = (
			);
			dependencies = (
				446E749821412FD800B326D9 /* PBXTargetDependency */,
			);
			name = TinderCloneTests;
			productName = TinderCloneTests;
			productReference = 446E749621412FD800B326D9 /* TinderCloneTests.xctest */;
			productType = "com.apple.product-type.bundle.unit-test";
		};
/* End PBXNativeTarget section */

/* Begin PBXProject section */
		446E747721412FD800B326D9 /* Project object */ = {
			isa = PBXProject;
			attributes = {
				LastSwiftUpdateCheck = 0920;
				LastUpgradeCheck = 1010;
				ORGANIZATIONNAME = "Kate Roberts";
				TargetAttributes = {
					446E747E21412FD800B326D9 = {
						CreatedOnToolsVersion = 9.2;
						LastSwiftMigration = 1010;
						ProvisioningStyle = Automatic;
					};
					446E749521412FD800B326D9 = {
						CreatedOnToolsVersion = 9.2;
						LastSwiftMigration = 1010;
						ProvisioningStyle = Automatic;
						TestTargetID = 446E747E21412FD800B326D9;
					};
				};
			};
			buildConfigurationList = 446E747A21412FD800B326D9 /* Build configuration list for PBXProject "TinderClone" */;
			compatibilityVersion = "Xcode 8.0";
			developmentRegion = en;
			hasScannedForEncodings = 0;
			knownRegions = (
				en,
				Base,
			);
			mainGroup = 446E747621412FD800B326D9;
			productRefGroup = 446E748021412FD800B326D9 /* Products */;
			projectDirPath = "";
			projectRoot = "";
			targets = (
				446E747E21412FD800B326D9 /* TinderClone */,
				446E749521412FD800B326D9 /* TinderCloneTests */,
			);
		};
/* End PBXProject section */

/* Begin PBXResourcesBuildPhase section */
		446E747D21412FD800B326D9 /* Resources */ = {
			isa = PBXResourcesBuildPhase;
			buildActionMask = 2147483647;
			files = (
				446963EC21E9609F00D5B240 /* 2.png in Resources */,
				447F423C21EBB1E50042C6EB /* salmon.jpg in Resources */,
				44D749E321E1E1AD00071C4D /* Chaos_ Chaos_2.png in Resources */,
				446963F421E966E300D5B240 /* takeThis.png in Resources */,
				441AC32B21E4E1350034A5F7 /* pancakes.jpg in Resources */,
				44F0469C21DF77510062C063 /* Maybe.png in Resources */,
				441AC33D21E4E3620034A5F7 /* blur-close-up-cooking-161533.jpg in Resources */,
				446963F221E966C300D5B240 /* broccoli.jpg in Resources */,
				443095C921DC0F3600E04A46 /* tutorial_background_2.JPG in Resources */,
				446E749021412FD800B326D9 /* LaunchScreen.storyboard in Resources */,
				443095C521DC05D400E04A46 /* triangles.JPG in Resources */,
				447F424621EBB3960042C6EB /* pasta.jpeg in Resources */,
				446963F021E9652F00D5B240 /* hahahahahahaha.png in Resources */,
				441AC33F21E4E3990034A5F7 /* raspberry.jpg in Resources */,
				446E748D21412FD800B326D9 /* Assets.xcassets in Resources */,
				44F046A021DF775D0062C063 /* Camera.png in Resources */,
				4400ABE721E5F461000433E0 /* Chaos_ Chaos_.png in Resources */,
				441AC33321E4E1D60034A5F7 /* bread-breakfast-eat-33309.jpg in Resources */,
				44B711EF21DF612500537170 /* MASK_p.png in Resources */,
				446963EA21E95F9F00D5B240 /* trying.png in Resources */,
				447F424021EBB22A0042C6EB /* peas.jpg in Resources */,
				44B711F121DF626700537170 /* MASK_dp_small.png in Resources */,
				446E748821412FD800B326D9 /* Main.storyboard in Resources */,
				441AC33721E4E20F0034A5F7 /* blur-close-up-corn-603030.jpg in Resources */,
				441AC33121E4E1AC0034A5F7 /* bananas-bunch-food-41957.jpg in Resources */,
				446963E821E95F8D00D5B240 /* roll.png in Resources */,
				447F423021EBB1180042C6EB /* oatmeal.jpeg in Resources */,
				447F423421EBB17D0042C6EB /* rice.jpeg in Resources */,
				444DCDA921D36B5B004408D9 /* Launch Screen.storyboard in Resources */,
				44B711F321DF65E000537170 /* MASK.png in Resources */,
				447F424B21EBB80C0042C6EB /* chaos.jpg in Resources */,
				447F422E21EBB0EF0042C6EB /* pizza.jpeg in Resources */,
				447F424221EBB24C0042C6EB /* chip-cirspy-delicious-1583884.jpg in Resources */,
				44EC776C21E47D7E00DB77F6 /* cross.png in Resources */,
				447F423E21EBB2170042C6EB /* barbecue-bbq-close-up-72160.jpg in Resources */,
				44B711ED21DF60AB00537170 /* MASK_dp.png in Resources */,
				447F423821EBB1910042C6EB /* boiled_eggs.jpeg in Resources */,
				44F046B621E0D5E30062C063 /* dummyData in Resources */,
				447F423221EBB1340042C6EB /* cheese.jpeg in Resources */,
				441AC33521E4E1EE0034A5F7 /* apple-food-fruit-39803.jpg in Resources */,
				441AC33921E4E25F0034A5F7 /* baked-bread-breakfast-209206.jpg in Resources */,
				446963E221E95F5C00D5B240 /* Camera-2.png in Resources */,
				44F0469E21DF77570062C063 /* Bad.png in Resources */,
				446963EE21E960B000D5B240 /* Loading Screens1.png in Resources */,
				44EC777021E47EA900DB77F6 /* tick.jpg in Resources */,
				44F0469A21DF774B0062C063 /* Good.png in Resources */,
				447F423A21EBB1DE0042C6EB /* milk.jpg in Resources */,
				446963E421E95F6D00D5B240 /* back.png in Resources */,
				44D8B3832162403C0019077D /* FoodData.csv in Resources */,
				447F423621EBB1850042C6EB /* chicken.jpeg in Resources */,
				44D749E521E1FBF200071C4D /* Thingy.png in Resources */,
			);
			runOnlyForDeploymentPostprocessing = 0;
		};
		446E749421412FD800B326D9 /* Resources */ = {
			isa = PBXResourcesBuildPhase;
			buildActionMask = 2147483647;
			files = (
			);
			runOnlyForDeploymentPostprocessing = 0;
		};
/* End PBXResourcesBuildPhase section */

/* Begin PBXSourcesBuildPhase section */
		446E747B21412FD800B326D9 /* Sources */ = {
			isa = PBXSourcesBuildPhase;
			buildActionMask = 2147483647;
			files = (
				4406F23921620B8F00155818 /* YesCollectionViewController.swift in Sources */,
				4400ABEB21E5F75C000433E0 /* CelebrationCollectionViewCell.swift in Sources */,
				4406F23C21620B8F00155818 /* MaybeCollectionViewCell.swift in Sources */,
				44FC4E6021DCF02A0028B667 /* Maybe2CollectionViewCell.swift in Sources */,
				4400ABE921E5F5B9000433E0 /* CelebrationCollectionViewController.swift in Sources */,
				44D8B37F216216D60019077D /* YesCollectionViewLayout.swift in Sources */,
				4406F23A21620B8F00155818 /* MaybeCollectionViewController.swift in Sources */,
				4498109C2150F90200508599 /* CustomViewController.swift in Sources */,
				44FC4E5C21DCDB100028B667 /* CameraButtonViewController.swift in Sources */,
				44B2708121DD8F9B00F6D424 /* Maybe3CollectionViewController.swift in Sources */,
				4406F23821620B8F00155818 /* noCollectionViewCell.swift in Sources */,
				446E748521412FD800B326D9 /* ViewController.swift in Sources */,
				4400ABEF21E5FABC000433E0 /* CelebrationViewController.swift in Sources */,
				44F046AC21DFA32F0062C063 /* TargetCollectionViewController.swift in Sources */,
				446E748B21412FD800B326D9 /* TinderClone.xcdatamodeld in Sources */,
				44B9A68E21CFE0B10019E8FE /* preViewController.swift in Sources */,
				44FC4E5E21DCE9E80028B667 /* Maybe2CollectionViewController.swift in Sources */,
				44EB2D5621D4FD4E0041B8FC /* MotivationViewController.swift in Sources */,
				4451E2C621BABA37008BB36E /* NoCollectionViewLayout.swift in Sources */,
				4406F23721620B8F00155818 /* NoCollectionViewController.swift in Sources */,
				44EB2D5421D4F8EE0041B8FC /* RibbonsOnboardingViewController.swift in Sources */,
				4461FFE221B59DFD00354109 /* MaybeCollectionViewLayout.swift in Sources */,
				446E748321412FD800B326D9 /* AppDelegate.swift in Sources */,
				44110B1F21ADD8BC00151388 /* CameraViewController.swift in Sources */,
				44EABBD3214D61AA006AB475 /* Snippets.swift in Sources */,
				4406F23B21620B8F00155818 /* YesCollectionViewCell.swift in Sources */,
				44F046AA21DFA25E0062C063 /* TargetCollectionViewCell.swift in Sources */,
			);
			runOnlyForDeploymentPostprocessing = 0;
		};
		446E749221412FD800B326D9 /* Sources */ = {
			isa = PBXSourcesBuildPhase;
			buildActionMask = 2147483647;
			files = (
				446E749B21412FD800B326D9 /* TinderCloneTests.swift in Sources */,
			);
			runOnlyForDeploymentPostprocessing = 0;
		};
/* End PBXSourcesBuildPhase section */

/* Begin PBXTargetDependency section */
		446E749821412FD800B326D9 /* PBXTargetDependency */ = {
			isa = PBXTargetDependency;
			target = 446E747E21412FD800B326D9 /* TinderClone */;
			targetProxy = 446E749721412FD800B326D9 /* PBXContainerItemProxy */;
		};
/* End PBXTargetDependency section */

/* Begin PBXVariantGroup section */
		446E748621412FD800B326D9 /* Main.storyboard */ = {
			isa = PBXVariantGroup;
			children = (
				446E748721412FD800B326D9 /* Base */,
			);
			name = Main.storyboard;
			sourceTree = "<group>";
		};
		446E748E21412FD800B326D9 /* LaunchScreen.storyboard */ = {
			isa = PBXVariantGroup;
			children = (
				446E748F21412FD800B326D9 /* Base */,
			);
			name = LaunchScreen.storyboard;
			sourceTree = "<group>";
		};
/* End PBXVariantGroup section */

/* Begin XCBuildConfiguration section */
		446E749D21412FD800B326D9 /* Debug */ = {
			isa = XCBuildConfiguration;
			buildSettings = {
				ALWAYS_SEARCH_USER_PATHS = NO;
				CLANG_ANALYZER_NONNULL = YES;
				CLANG_ANALYZER_NUMBER_OBJECT_CONVERSION = YES_AGGRESSIVE;
				CLANG_CXX_LANGUAGE_STANDARD = "gnu++14";
				CLANG_CXX_LIBRARY = "libc++";
				CLANG_ENABLE_MODULES = YES;
				CLANG_ENABLE_OBJC_ARC = YES;
				CLANG_WARN_BLOCK_CAPTURE_AUTORELEASING = YES;
				CLANG_WARN_BOOL_CONVERSION = YES;
				CLANG_WARN_COMMA = YES;
				CLANG_WARN_CONSTANT_CONVERSION = YES;
				CLANG_WARN_DEPRECATED_OBJC_IMPLEMENTATIONS = YES;
				CLANG_WARN_DIRECT_OBJC_ISA_USAGE = YES_ERROR;
				CLANG_WARN_DOCUMENTATION_COMMENTS = YES;
				CLANG_WARN_EMPTY_BODY = YES;
				CLANG_WARN_ENUM_CONVERSION = YES;
				CLANG_WARN_INFINITE_RECURSION = YES;
				CLANG_WARN_INT_CONVERSION = YES;
				CLANG_WARN_NON_LITERAL_NULL_CONVERSION = YES;
				CLANG_WARN_OBJC_IMPLICIT_RETAIN_SELF = YES;
				CLANG_WARN_OBJC_LITERAL_CONVERSION = YES;
				CLANG_WARN_OBJC_ROOT_CLASS = YES_ERROR;
				CLANG_WARN_RANGE_LOOP_ANALYSIS = YES;
				CLANG_WARN_STRICT_PROTOTYPES = YES;
				CLANG_WARN_SUSPICIOUS_MOVE = YES;
				CLANG_WARN_UNGUARDED_AVAILABILITY = YES_AGGRESSIVE;
				CLANG_WARN_UNREACHABLE_CODE = YES;
				CLANG_WARN__DUPLICATE_METHOD_MATCH = YES;
				CODE_SIGN_IDENTITY = "iPhone Developer";
				COPY_PHASE_STRIP = NO;
				DEBUG_INFORMATION_FORMAT = dwarf;
				ENABLE_STRICT_OBJC_MSGSEND = YES;
				ENABLE_TESTABILITY = YES;
				GCC_C_LANGUAGE_STANDARD = gnu11;
				GCC_DYNAMIC_NO_PIC = NO;
				GCC_NO_COMMON_BLOCKS = YES;
				GCC_OPTIMIZATION_LEVEL = 0;
				GCC_PREPROCESSOR_DEFINITIONS = (
					"DEBUG=1",
					"$(inherited)",
				);
				GCC_WARN_64_TO_32_BIT_CONVERSION = YES;
				GCC_WARN_ABOUT_RETURN_TYPE = YES_ERROR;
				GCC_WARN_UNDECLARED_SELECTOR = YES;
				GCC_WARN_UNINITIALIZED_AUTOS = YES_AGGRESSIVE;
				GCC_WARN_UNUSED_FUNCTION = YES;
				GCC_WARN_UNUSED_VARIABLE = YES;
				IPHONEOS_DEPLOYMENT_TARGET = 12.0;
				MTL_ENABLE_DEBUG_INFO = YES;
				ONLY_ACTIVE_ARCH = YES;
				SDKROOT = iphoneos;
				SWIFT_ACTIVE_COMPILATION_CONDITIONS = DEBUG;
				SWIFT_OPTIMIZATION_LEVEL = "-Onone";
			};
			name = Debug;
		};
		446E749E21412FD800B326D9 /* Release */ = {
			isa = XCBuildConfiguration;
			buildSettings = {
				ALWAYS_SEARCH_USER_PATHS = NO;
				CLANG_ANALYZER_NONNULL = YES;
				CLANG_ANALYZER_NUMBER_OBJECT_CONVERSION = YES_AGGRESSIVE;
				CLANG_CXX_LANGUAGE_STANDARD = "gnu++14";
				CLANG_CXX_LIBRARY = "libc++";
				CLANG_ENABLE_MODULES = YES;
				CLANG_ENABLE_OBJC_ARC = YES;
				CLANG_WARN_BLOCK_CAPTURE_AUTORELEASING = YES;
				CLANG_WARN_BOOL_CONVERSION = YES;
				CLANG_WARN_COMMA = YES;
				CLANG_WARN_CONSTANT_CONVERSION = YES;
				CLANG_WARN_DEPRECATED_OBJC_IMPLEMENTATIONS = YES;
				CLANG_WARN_DIRECT_OBJC_ISA_USAGE = YES_ERROR;
				CLANG_WARN_DOCUMENTATION_COMMENTS = YES;
				CLANG_WARN_EMPTY_BODY = YES;
				CLANG_WARN_ENUM_CONVERSION = YES;
				CLANG_WARN_INFINITE_RECURSION = YES;
				CLANG_WARN_INT_CONVERSION = YES;
				CLANG_WARN_NON_LITERAL_NULL_CONVERSION = YES;
				CLANG_WARN_OBJC_IMPLICIT_RETAIN_SELF = YES;
				CLANG_WARN_OBJC_LITERAL_CONVERSION = YES;
				CLANG_WARN_OBJC_ROOT_CLASS = YES_ERROR;
				CLANG_WARN_RANGE_LOOP_ANALYSIS = YES;
				CLANG_WARN_STRICT_PROTOTYPES = YES;
				CLANG_WARN_SUSPICIOUS_MOVE = YES;
				CLANG_WARN_UNGUARDED_AVAILABILITY = YES_AGGRESSIVE;
				CLANG_WARN_UNREACHABLE_CODE = YES;
				CLANG_WARN__DUPLICATE_METHOD_MATCH = YES;
				CODE_SIGN_IDENTITY = "iPhone Developer";
				COPY_PHASE_STRIP = NO;
				DEBUG_INFORMATION_FORMAT = "dwarf-with-dsym";
				ENABLE_NS_ASSERTIONS = NO;
				ENABLE_STRICT_OBJC_MSGSEND = YES;
				GCC_C_LANGUAGE_STANDARD = gnu11;
				GCC_NO_COMMON_BLOCKS = YES;
				GCC_WARN_64_TO_32_BIT_CONVERSION = YES;
				GCC_WARN_ABOUT_RETURN_TYPE = YES_ERROR;
				GCC_WARN_UNDECLARED_SELECTOR = YES;
				GCC_WARN_UNINITIALIZED_AUTOS = YES_AGGRESSIVE;
				GCC_WARN_UNUSED_FUNCTION = YES;
				GCC_WARN_UNUSED_VARIABLE = YES;
				IPHONEOS_DEPLOYMENT_TARGET = 12.0;
				MTL_ENABLE_DEBUG_INFO = NO;
				SDKROOT = iphoneos;
				SWIFT_OPTIMIZATION_LEVEL = "-Owholemodule";
				VALIDATE_PRODUCT = YES;
			};
			name = Release;
		};
		446E74A021412FD800B326D9 /* Debug */ = {
			isa = XCBuildConfiguration;
			buildSettings = {
				ASSETCATALOG_COMPILER_APPICON_NAME = AppIcon;
				CODE_SIGN_STYLE = Automatic;
				DEVELOPMENT_TEAM = 2E5MDC86ME;
				INFOPLIST_FILE = TinderClone/Info.plist;
				LD_RUNPATH_SEARCH_PATHS = "$(inherited) @executable_path/Frameworks";
				PRODUCT_BUNDLE_IDENTIFIER = com.example.TinderClone;
				PRODUCT_NAME = "$(TARGET_NAME)";
				SWIFT_VERSION = 4.2;
				TARGETED_DEVICE_FAMILY = "1,2";
			};
			name = Debug;
		};
		446E74A121412FD800B326D9 /* Release */ = {
			isa = XCBuildConfiguration;
			buildSettings = {
				ASSETCATALOG_COMPILER_APPICON_NAME = AppIcon;
				CODE_SIGN_STYLE = Automatic;
				DEVELOPMENT_TEAM = 2E5MDC86ME;
				INFOPLIST_FILE = TinderClone/Info.plist;
				LD_RUNPATH_SEARCH_PATHS = "$(inherited) @executable_path/Frameworks";
				PRODUCT_BUNDLE_IDENTIFIER = com.example.TinderClone;
				PRODUCT_NAME = "$(TARGET_NAME)";
				SWIFT_VERSION = 4.2;
				TARGETED_DEVICE_FAMILY = "1,2";
			};
			name = Release;
		};
		446E74A321412FD800B326D9 /* Debug */ = {
			isa = XCBuildConfiguration;
			buildSettings = {
				ALWAYS_EMBED_SWIFT_STANDARD_LIBRARIES = YES;
				BUNDLE_LOADER = "$(TEST_HOST)";
				CODE_SIGN_STYLE = Automatic;
				INFOPLIST_FILE = TinderCloneTests/Info.plist;
				LD_RUNPATH_SEARCH_PATHS = "$(inherited) @executable_path/Frameworks @loader_path/Frameworks";
				PRODUCT_BUNDLE_IDENTIFIER = com.example.TinderCloneTests;
				PRODUCT_NAME = "$(TARGET_NAME)";
				SWIFT_VERSION = 4.2;
				TARGETED_DEVICE_FAMILY = "1,2";
				TEST_HOST = "$(BUILT_PRODUCTS_DIR)/TinderClone.app/TinderClone";
			};
			name = Debug;
		};
		446E74A421412FD800B326D9 /* Release */ = {
			isa = XCBuildConfiguration;
			buildSettings = {
				ALWAYS_EMBED_SWIFT_STANDARD_LIBRARIES = YES;
				BUNDLE_LOADER = "$(TEST_HOST)";
				CODE_SIGN_STYLE = Automatic;
				INFOPLIST_FILE = TinderCloneTests/Info.plist;
				LD_RUNPATH_SEARCH_PATHS = "$(inherited) @executable_path/Frameworks @loader_path/Frameworks";
				PRODUCT_BUNDLE_IDENTIFIER = com.example.TinderCloneTests;
				PRODUCT_NAME = "$(TARGET_NAME)";
				SWIFT_VERSION = 4.2;
				TARGETED_DEVICE_FAMILY = "1,2";
				TEST_HOST = "$(BUILT_PRODUCTS_DIR)/TinderClone.app/TinderClone";
			};
			name = Release;
		};
/* End XCBuildConfiguration section */

/* Begin XCConfigurationList section */
		446E747A21412FD800B326D9 /* Build configuration list for PBXProject "TinderClone" */ = {
			isa = XCConfigurationList;
			buildConfigurations = (
				446E749D21412FD800B326D9 /* Debug */,
				446E749E21412FD800B326D9 /* Release */,
			);
			defaultConfigurationIsVisible = 0;
			defaultConfigurationName = Release;
		};
		446E749F21412FD800B326D9 /* Build configuration list for PBXNativeTarget "TinderClone" */ = {
			isa = XCConfigurationList;
			buildConfigurations = (
				446E74A021412FD800B326D9 /* Debug */,
				446E74A121412FD800B326D9 /* Release */,
			);
			defaultConfigurationIsVisible = 0;
			defaultConfigurationName = Release;
		};
		446E74A221412FD800B326D9 /* Build configuration list for PBXNativeTarget "TinderCloneTests" */ = {
			isa = XCConfigurationList;
			buildConfigurations = (
				446E74A321412FD800B326D9 /* Debug */,
				446E74A421412FD800B326D9 /* Release */,
			);
			defaultConfigurationIsVisible = 0;
			defaultConfigurationName = Release;
		};
/* End XCConfigurationList section */

/* Begin XCVersionGroup section */
		446E748921412FD800B326D9 /* TinderClone.xcdatamodeld */ = {
			isa = XCVersionGroup;
			children = (
				446E748A21412FD800B326D9 /* TinderClone.xcdatamodel */,
			);
			currentVersion = 446E748A21412FD800B326D9 /* TinderClone.xcdatamodel */;
			path = TinderClone.xcdatamodeld;
			sourceTree = "<group>";
			versionGroupType = wrapper.xcdatamodel;
		};
/* End XCVersionGroup section */
	};
	rootObject = 446E747721412FD800B326D9 /* Project object */;
}
