// !$*UTF8*$!
{
	archiveVersion = 1;
	classes = {
	};
	objectVersion = 48;
	objects = {

/* Begin PBXBuildFile section */
		4406F23721620B8F00155818 /* NoCollectionViewController.swift in Sources */ = {isa = PBXBuildFile; fileRef = 4406F23121620B8F00155818 /* NoCollectionViewController.swift */; };
		4406F23821620B8F00155818 /* noCollectionViewCell.swift in Sources */ = {isa = PBXBuildFile; fileRef = 4406F23221620B8F00155818 /* noCollectionViewCell.swift */; };
		4406F23921620B8F00155818 /* YesCollectionViewController.swift in Sources */ = {isa = PBXBuildFile; fileRef = 4406F23321620B8F00155818 /* YesCollectionViewController.swift */; };
		4406F23A21620B8F00155818 /* MaybeCollectionViewController.swift in Sources */ = {isa = PBXBuildFile; fileRef = 4406F23421620B8F00155818 /* MaybeCollectionViewController.swift */; };
		4406F23B21620B8F00155818 /* YesCollectionViewCell.swift in Sources */ = {isa = PBXBuildFile; fileRef = 4406F23521620B8F00155818 /* YesCollectionViewCell.swift */; };
		4406F23C21620B8F00155818 /* MaybeCollectionViewCell.swift in Sources */ = {isa = PBXBuildFile; fileRef = 4406F23621620B8F00155818 /* MaybeCollectionViewCell.swift */; };
		446E748321412FD800B326D9 /* AppDelegate.swift in Sources */ = {isa = PBXBuildFile; fileRef = 446E748221412FD800B326D9 /* AppDelegate.swift */; };
		446E748521412FD800B326D9 /* ViewController.swift in Sources */ = {isa = PBXBuildFile; fileRef = 446E748421412FD800B326D9 /* ViewController.swift */; };
		446E748821412FD800B326D9 /* Main.storyboard in Resources */ = {isa = PBXBuildFile; fileRef = 446E748621412FD800B326D9 /* Main.storyboard */; };
		446E748B21412FD800B326D9 /* TinderClone.xcdatamodeld in Sources */ = {isa = PBXBuildFile; fileRef = 446E748921412FD800B326D9 /* TinderClone.xcdatamodeld */; };
		446E748D21412FD800B326D9 /* Assets.xcassets in Resources */ = {isa = PBXBuildFile; fileRef = 446E748C21412FD800B326D9 /* Assets.xcassets */; };
		446E749021412FD800B326D9 /* LaunchScreen.storyboard in Resources */ = {isa = PBXBuildFile; fileRef = 446E748E21412FD800B326D9 /* LaunchScreen.storyboard */; };
		446E749B21412FD800B326D9 /* TinderCloneTests.swift in Sources */ = {isa = PBXBuildFile; fileRef = 446E749A21412FD800B326D9 /* TinderCloneTests.swift */; };
		4498109C2150F90200508599 /* CustomViewController.swift in Sources */ = {isa = PBXBuildFile; fileRef = 4498109B2150F90200508599 /* CustomViewController.swift */; };
		44D8B37F216216D60019077D /* YesCollectionViewLayout.swift in Sources */ = {isa = PBXBuildFile; fileRef = 44D8B37E216216D60019077D /* YesCollectionViewLayout.swift */; };
		44D8B3832162403C0019077D /* FoodData.csv in Resources */ = {isa = PBXBuildFile; fileRef = 44D8B3822162403B0019077D /* FoodData.csv */; };
		44D8B385216240790019077D /* apple.JPG in Resources */ = {isa = PBXBuildFile; fileRef = 44D8B384216240790019077D /* apple.JPG */; };
		44D8B3872162407D0019077D /* bread.JPG in Resources */ = {isa = PBXBuildFile; fileRef = 44D8B3862162407C0019077D /* bread.JPG */; };
		44D8B389216240810019077D /* broccili.JPG in Resources */ = {isa = PBXBuildFile; fileRef = 44D8B388216240810019077D /* broccili.JPG */; };
		44D8B38B216240850019077D /* carrot.JPG in Resources */ = {isa = PBXBuildFile; fileRef = 44D8B38A216240840019077D /* carrot.JPG */; };
		44D8B38D216240890019077D /* cheese.JPG in Resources */ = {isa = PBXBuildFile; fileRef = 44D8B38C216240890019077D /* cheese.JPG */; };
		44D8B38F2162408D0019077D /* cheeseandonioncrisps.JPG in Resources */ = {isa = PBXBuildFile; fileRef = 44D8B38E2162408D0019077D /* cheeseandonioncrisps.JPG */; };
		44D8B391216240950019077D /* crisps.JPG in Resources */ = {isa = PBXBuildFile; fileRef = 44D8B390216240950019077D /* crisps.JPG */; };
		44D8B3932162409E0019077D /* egg.JPG in Resources */ = {isa = PBXBuildFile; fileRef = 44D8B3922162409E0019077D /* egg.JPG */; };
		44D8B395216240A40019077D /* IMG_7457.JPG in Resources */ = {isa = PBXBuildFile; fileRef = 44D8B394216240A40019077D /* IMG_7457.JPG */; };
		44D8B397216240AC0019077D /* noodles.JPG in Resources */ = {isa = PBXBuildFile; fileRef = 44D8B396216240AC0019077D /* noodles.JPG */; };
		44D8B399216240B80019077D /* nuts.JPG in Resources */ = {isa = PBXBuildFile; fileRef = 44D8B398216240B80019077D /* nuts.JPG */; };
		44D8B39B216240BE0019077D /* olives.JPG in Resources */ = {isa = PBXBuildFile; fileRef = 44D8B39A216240BD0019077D /* olives.JPG */; };
		44D8B39D216240C30019077D /* penne.JPG in Resources */ = {isa = PBXBuildFile; fileRef = 44D8B39C216240C30019077D /* penne.JPG */; };
		44D8B39F216240CA0019077D /* readysaltedcrisps.JPG in Resources */ = {isa = PBXBuildFile; fileRef = 44D8B39E216240CA0019077D /* readysaltedcrisps.JPG */; };
		44D8B3A1216240CE0019077D /* rice.JPG in Resources */ = {isa = PBXBuildFile; fileRef = 44D8B3A0216240CE0019077D /* rice.JPG */; };
		44D8B3A3216240D70019077D /* ricecake.JPG in Resources */ = {isa = PBXBuildFile; fileRef = 44D8B3A2216240D60019077D /* ricecake.JPG */; };
		44D8B3A5216240DB0019077D /* saltandvinegarcrisps.JPG in Resources */ = {isa = PBXBuildFile; fileRef = 44D8B3A4216240DB0019077D /* saltandvinegarcrisps.JPG */; };
		44D8B3A7216240E60019077D /* sweetcorn.JPG in Resources */ = {isa = PBXBuildFile; fileRef = 44D8B3A6216240E60019077D /* sweetcorn.JPG */; };
		44D8B3A9216240EA0019077D /* tomatosoup.JPG in Resources */ = {isa = PBXBuildFile; fileRef = 44D8B3A8216240EA0019077D /* tomatosoup.JPG */; };
		44D8B3AB216240EE0019077D /* tuna.JPG in Resources */ = {isa = PBXBuildFile; fileRef = 44D8B3AA216240EE0019077D /* tuna.JPG */; };
		44D8B3AD216240F30019077D /* veggienugget.JPG in Resources */ = {isa = PBXBuildFile; fileRef = 44D8B3AC216240F20019077D /* veggienugget.JPG */; };
		44D8B3AF216240F80019077D /* walnuts.JPG in Resources */ = {isa = PBXBuildFile; fileRef = 44D8B3AE216240F80019077D /* walnuts.JPG */; };
		44E02FC02150E508005ABC65 /* noFoodTableView.swift in Sources */ = {isa = PBXBuildFile; fileRef = 44E02FBF2150E508005ABC65 /* noFoodTableView.swift */; };
		44EABBD3214D61AA006AB475 /* Snippets.swift in Sources */ = {isa = PBXBuildFile; fileRef = 44EABBD2214D61AA006AB475 /* Snippets.swift */; };
/* End PBXBuildFile section */

/* Begin PBXContainerItemProxy section */
		446E749721412FD800B326D9 /* PBXContainerItemProxy */ = {
			isa = PBXContainerItemProxy;
			containerPortal = 446E747721412FD800B326D9 /* Project object */;
			proxyType = 1;
			remoteGlobalIDString = 446E747E21412FD800B326D9;
			remoteInfo = TinderClone;
		};
/* End PBXContainerItemProxy section */

/* Begin PBXFileReference section */
		4406F23121620B8F00155818 /* NoCollectionViewController.swift */ = {isa = PBXFileReference; fileEncoding = 4; lastKnownFileType = sourcecode.swift; path = NoCollectionViewController.swift; sourceTree = "<group>"; };
		4406F23221620B8F00155818 /* noCollectionViewCell.swift */ = {isa = PBXFileReference; fileEncoding = 4; lastKnownFileType = sourcecode.swift; path = noCollectionViewCell.swift; sourceTree = "<group>"; };
		4406F23321620B8F00155818 /* YesCollectionViewController.swift */ = {isa = PBXFileReference; fileEncoding = 4; lastKnownFileType = sourcecode.swift; path = YesCollectionViewController.swift; sourceTree = "<group>"; };
		4406F23421620B8F00155818 /* MaybeCollectionViewController.swift */ = {isa = PBXFileReference; fileEncoding = 4; lastKnownFileType = sourcecode.swift; path = MaybeCollectionViewController.swift; sourceTree = "<group>"; };
		4406F23521620B8F00155818 /* YesCollectionViewCell.swift */ = {isa = PBXFileReference; fileEncoding = 4; lastKnownFileType = sourcecode.swift; path = YesCollectionViewCell.swift; sourceTree = "<group>"; };
		4406F23621620B8F00155818 /* MaybeCollectionViewCell.swift */ = {isa = PBXFileReference; fileEncoding = 4; lastKnownFileType = sourcecode.swift; path = MaybeCollectionViewCell.swift; sourceTree = "<group>"; };
		446E747F21412FD800B326D9 /* TinderClone.app */ = {isa = PBXFileReference; explicitFileType = wrapper.application; includeInIndex = 0; path = TinderClone.app; sourceTree = BUILT_PRODUCTS_DIR; };
		446E748221412FD800B326D9 /* AppDelegate.swift */ = {isa = PBXFileReference; lastKnownFileType = sourcecode.swift; path = AppDelegate.swift; sourceTree = "<group>"; };
		446E748421412FD800B326D9 /* ViewController.swift */ = {isa = PBXFileReference; lastKnownFileType = sourcecode.swift; path = ViewController.swift; sourceTree = "<group>"; };
		446E748721412FD800B326D9 /* Base */ = {isa = PBXFileReference; lastKnownFileType = file.storyboard; name = Base; path = Base.lproj/Main.storyboard; sourceTree = "<group>"; };
		446E748A21412FD800B326D9 /* TinderClone.xcdatamodel */ = {isa = PBXFileReference; lastKnownFileType = wrapper.xcdatamodel; path = TinderClone.xcdatamodel; sourceTree = "<group>"; };
		446E748C21412FD800B326D9 /* Assets.xcassets */ = {isa = PBXFileReference; lastKnownFileType = folder.assetcatalog; path = Assets.xcassets; sourceTree = "<group>"; };
		446E748F21412FD800B326D9 /* Base */ = {isa = PBXFileReference; lastKnownFileType = file.storyboard; name = Base; path = Base.lproj/LaunchScreen.storyboard; sourceTree = "<group>"; };
		446E749121412FD800B326D9 /* Info.plist */ = {isa = PBXFileReference; lastKnownFileType = text.plist.xml; path = Info.plist; sourceTree = "<group>"; };
		446E749621412FD800B326D9 /* TinderCloneTests.xctest */ = {isa = PBXFileReference; explicitFileType = wrapper.cfbundle; includeInIndex = 0; path = TinderCloneTests.xctest; sourceTree = BUILT_PRODUCTS_DIR; };
		446E749A21412FD800B326D9 /* TinderCloneTests.swift */ = {isa = PBXFileReference; lastKnownFileType = sourcecode.swift; path = TinderCloneTests.swift; sourceTree = "<group>"; };
		446E749C21412FD800B326D9 /* Info.plist */ = {isa = PBXFileReference; lastKnownFileType = text.plist.xml; path = Info.plist; sourceTree = "<group>"; };
		446E74A821412FF300B326D9 /* chips.jpg */ = {isa = PBXFileReference; lastKnownFileType = image.jpeg; path = chips.jpg; sourceTree = "<group>"; };
		446E74A921412FF300B326D9 /* chocolate bar mars.jpg */ = {isa = PBXFileReference; lastKnownFileType = image.jpeg; path = "chocolate bar mars.jpg"; sourceTree = "<group>"; };
		446E74AA21412FF300B326D9 /* chocolate bar.jpg */ = {isa = PBXFileReference; lastKnownFileType = image.jpeg; path = "chocolate bar.jpg"; sourceTree = "<group>"; };
		446E74AB21412FF300B326D9 /* chocolate muffin.jpg */ = {isa = PBXFileReference; lastKnownFileType = image.jpeg; path = "chocolate muffin.jpg"; sourceTree = "<group>"; };
		446E74AC21412FF300B326D9 /* french fries.jpg */ = {isa = PBXFileReference; lastKnownFileType = image.jpeg; path = "french fries.jpg"; sourceTree = "<group>"; };
		446E74AD21412FF300B326D9 /* hamburger.jpg */ = {isa = PBXFileReference; lastKnownFileType = image.jpeg; path = hamburger.jpg; sourceTree = "<group>"; };
		446E74AE21412FF300B326D9 /* hotdog.jpg */ = {isa = PBXFileReference; lastKnownFileType = image.jpeg; path = hotdog.jpg; sourceTree = "<group>"; };
		446E74AF21412FF300B326D9 /* orange juice.jpg */ = {isa = PBXFileReference; lastKnownFileType = image.jpeg; path = "orange juice.jpg"; sourceTree = "<group>"; };
		446E74B021412FF300B326D9 /* pasta.jpg */ = {isa = PBXFileReference; lastKnownFileType = image.jpeg; path = pasta.jpg; sourceTree = "<group>"; };
		446E74B121412FF300B326D9 /* pizza.jpg */ = {isa = PBXFileReference; lastKnownFileType = image.jpeg; path = pizza.jpg; sourceTree = "<group>"; };
		446E74B221412FF300B326D9 /* steak.jpg */ = {isa = PBXFileReference; lastKnownFileType = image.jpeg; path = steak.jpg; sourceTree = "<group>"; };
		446E74B321412FF300B326D9 /* strawberries.jpg */ = {isa = PBXFileReference; lastKnownFileType = image.jpeg; path = strawberries.jpg; sourceTree = "<group>"; };
		4498109B2150F90200508599 /* CustomViewController.swift */ = {isa = PBXFileReference; lastKnownFileType = sourcecode.swift; path = CustomViewController.swift; sourceTree = "<group>"; };
		44D8B37E216216D60019077D /* YesCollectionViewLayout.swift */ = {isa = PBXFileReference; lastKnownFileType = sourcecode.swift; path = YesCollectionViewLayout.swift; sourceTree = "<group>"; };
		44D8B3822162403B0019077D /* FoodData.csv */ = {isa = PBXFileReference; fileEncoding = 4; lastKnownFileType = text; path = FoodData.csv; sourceTree = "<group>"; };
		44D8B384216240790019077D /* apple.JPG */ = {isa = PBXFileReference; lastKnownFileType = image.jpeg; path = apple.JPG; sourceTree = "<group>"; };
		44D8B3862162407C0019077D /* bread.JPG */ = {isa = PBXFileReference; lastKnownFileType = image.jpeg; path = bread.JPG; sourceTree = "<group>"; };
		44D8B388216240810019077D /* broccili.JPG */ = {isa = PBXFileReference; lastKnownFileType = image.jpeg; path = broccili.JPG; sourceTree = "<group>"; };
		44D8B38A216240840019077D /* carrot.JPG */ = {isa = PBXFileReference; lastKnownFileType = image.jpeg; path = carrot.JPG; sourceTree = "<group>"; };
		44D8B38C216240890019077D /* cheese.JPG */ = {isa = PBXFileReference; lastKnownFileType = image.jpeg; path = cheese.JPG; sourceTree = "<group>"; };
		44D8B38E2162408D0019077D /* cheeseandonioncrisps.JPG */ = {isa = PBXFileReference; lastKnownFileType = image.jpeg; path = cheeseandonioncrisps.JPG; sourceTree = "<group>"; };
		44D8B390216240950019077D /* crisps.JPG */ = {isa = PBXFileReference; lastKnownFileType = image.jpeg; path = crisps.JPG; sourceTree = "<group>"; };
		44D8B3922162409E0019077D /* egg.JPG */ = {isa = PBXFileReference; lastKnownFileType = image.jpeg; path = egg.JPG; sourceTree = "<group>"; };
		44D8B394216240A40019077D /* IMG_7457.JPG */ = {isa = PBXFileReference; lastKnownFileType = image.jpeg; path = IMG_7457.JPG; sourceTree = "<group>"; };
		44D8B396216240AC0019077D /* noodles.JPG */ = {isa = PBXFileReference; lastKnownFileType = image.jpeg; path = noodles.JPG; sourceTree = "<group>"; };
		44D8B398216240B80019077D /* nuts.JPG */ = {isa = PBXFileReference; lastKnownFileType = image.jpeg; path = nuts.JPG; sourceTree = "<group>"; };
		44D8B39A216240BD0019077D /* olives.JPG */ = {isa = PBXFileReference; lastKnownFileType = image.jpeg; path = olives.JPG; sourceTree = "<group>"; };
		44D8B39C216240C30019077D /* penne.JPG */ = {isa = PBXFileReference; lastKnownFileType = image.jpeg; path = penne.JPG; sourceTree = "<group>"; };
		44D8B39E216240CA0019077D /* readysaltedcrisps.JPG */ = {isa = PBXFileReference; lastKnownFileType = image.jpeg; path = readysaltedcrisps.JPG; sourceTree = "<group>"; };
		44D8B3A0216240CE0019077D /* rice.JPG */ = {isa = PBXFileReference; lastKnownFileType = image.jpeg; path = rice.JPG; sourceTree = "<group>"; };
		44D8B3A2216240D60019077D /* ricecake.JPG */ = {isa = PBXFileReference; lastKnownFileType = image.jpeg; path = ricecake.JPG; sourceTree = "<group>"; };
		44D8B3A4216240DB0019077D /* saltandvinegarcrisps.JPG */ = {isa = PBXFileReference; lastKnownFileType = image.jpeg; path = saltandvinegarcrisps.JPG; sourceTree = "<group>"; };
		44D8B3A6216240E60019077D /* sweetcorn.JPG */ = {isa = PBXFileReference; lastKnownFileType = image.jpeg; path = sweetcorn.JPG; sourceTree = "<group>"; };
		44D8B3A8216240EA0019077D /* tomatosoup.JPG */ = {isa = PBXFileReference; lastKnownFileType = image.jpeg; path = tomatosoup.JPG; sourceTree = "<group>"; };
		44D8B3AA216240EE0019077D /* tuna.JPG */ = {isa = PBXFileReference; lastKnownFileType = image.jpeg; path = tuna.JPG; sourceTree = "<group>"; };
		44D8B3AC216240F20019077D /* veggienugget.JPG */ = {isa = PBXFileReference; lastKnownFileType = image.jpeg; path = veggienugget.JPG; sourceTree = "<group>"; };
		44D8B3AE216240F80019077D /* walnuts.JPG */ = {isa = PBXFileReference; lastKnownFileType = image.jpeg; path = walnuts.JPG; sourceTree = "<group>"; };
		44E02FBF2150E508005ABC65 /* noFoodTableView.swift */ = {isa = PBXFileReference; lastKnownFileType = sourcecode.swift; path = noFoodTableView.swift; sourceTree = "<group>"; };
		44EABBD2214D61AA006AB475 /* Snippets.swift */ = {isa = PBXFileReference; lastKnownFileType = sourcecode.swift; path = Snippets.swift; sourceTree = "<group>"; };
/* End PBXFileReference section */

/* Begin PBXFrameworksBuildPhase section */
		446E747C21412FD800B326D9 /* Frameworks */ = {
			isa = PBXFrameworksBuildPhase;
			buildActionMask = 2147483647;
			files = (
			);
			runOnlyForDeploymentPostprocessing = 0;
		};
		446E749321412FD800B326D9 /* Frameworks */ = {
			isa = PBXFrameworksBuildPhase;
			buildActionMask = 2147483647;
			files = (
			);
			runOnlyForDeploymentPostprocessing = 0;
		};
/* End PBXFrameworksBuildPhase section */

/* Begin PBXGroup section */
		446E747621412FD800B326D9 = {
			isa = PBXGroup;
			children = (
				446E748121412FD800B326D9 /* TinderClone */,
				446E749921412FD800B326D9 /* TinderCloneTests */,
				446E748021412FD800B326D9 /* Products */,
			);
			sourceTree = "<group>";
		};
		446E748021412FD800B326D9 /* Products */ = {
			isa = PBXGroup;
			children = (
				446E747F21412FD800B326D9 /* TinderClone.app */,
				446E749621412FD800B326D9 /* TinderCloneTests.xctest */,
			);
			name = Products;
			sourceTree = "<group>";
		};
		446E748121412FD800B326D9 /* TinderClone */ = {
			isa = PBXGroup;
			children = (
				446E748221412FD800B326D9 /* AppDelegate.swift */,
				446E748421412FD800B326D9 /* ViewController.swift */,
				446E748621412FD800B326D9 /* Main.storyboard */,
				4498109B2150F90200508599 /* CustomViewController.swift */,
				4406F23621620B8F00155818 /* MaybeCollectionViewCell.swift */,
				4406F23421620B8F00155818 /* MaybeCollectionViewController.swift */,
				4406F23221620B8F00155818 /* noCollectionViewCell.swift */,
				4406F23121620B8F00155818 /* NoCollectionViewController.swift */,
				4406F23521620B8F00155818 /* YesCollectionViewCell.swift */,
				44D8B37E216216D60019077D /* YesCollectionViewLayout.swift */,
				4406F23321620B8F00155818 /* YesCollectionViewController.swift */,
				44EABBD2214D61AA006AB475 /* Snippets.swift */,
				44E02FBF2150E508005ABC65 /* noFoodTableView.swift */,
				446E748C21412FD800B326D9 /* Assets.xcassets */,
				446E74A721412FF300B326D9 /* FoodPictures */,
				446E748E21412FD800B326D9 /* LaunchScreen.storyboard */,
				446E74B321412FF300B326D9 /* strawberries.jpg */,
				446E749121412FD800B326D9 /* Info.plist */,
				446E748921412FD800B326D9 /* TinderClone.xcdatamodeld */,
				44D8B3822162403B0019077D /* FoodData.csv */,
			);
			path = TinderClone;
			sourceTree = "<group>";
		};
		446E749921412FD800B326D9 /* TinderCloneTests */ = {
			isa = PBXGroup;
			children = (
				446E749A21412FD800B326D9 /* TinderCloneTests.swift */,
				446E749C21412FD800B326D9 /* Info.plist */,
			);
			path = TinderCloneTests;
			sourceTree = "<group>";
		};
		446E74A721412FF300B326D9 /* FoodPictures */ = {
			isa = PBXGroup;
			children = (
				44D8B384216240790019077D /* apple.JPG */,
				446E74A821412FF300B326D9 /* chips.jpg */,
				44D8B38C216240890019077D /* cheese.JPG */,
				446E74A921412FF300B326D9 /* chocolate bar mars.jpg */,
				44D8B390216240950019077D /* crisps.JPG */,
				446E74AA21412FF300B326D9 /* chocolate bar.jpg */,
				44D8B394216240A40019077D /* IMG_7457.JPG */,
				44D8B388216240810019077D /* broccili.JPG */,
				44D8B3A0216240CE0019077D /* rice.JPG */,
				44D8B3922162409E0019077D /* egg.JPG */,
				44D8B38E2162408D0019077D /* cheeseandonioncrisps.JPG */,
				44D8B39A216240BD0019077D /* olives.JPG */,
				44D8B3A2216240D60019077D /* ricecake.JPG */,
				44D8B3A8216240EA0019077D /* tomatosoup.JPG */,
				44D8B3A4216240DB0019077D /* saltandvinegarcrisps.JPG */,
				44D8B39E216240CA0019077D /* readysaltedcrisps.JPG */,
				44D8B3AE216240F80019077D /* walnuts.JPG */,
				44D8B3AC216240F20019077D /* veggienugget.JPG */,
				44D8B3AA216240EE0019077D /* tuna.JPG */,
				44D8B3A6216240E60019077D /* sweetcorn.JPG */,
				44D8B398216240B80019077D /* nuts.JPG */,
				44D8B39C216240C30019077D /* penne.JPG */,
				44D8B38A216240840019077D /* carrot.JPG */,
				44D8B3862162407C0019077D /* bread.JPG */,
				44D8B396216240AC0019077D /* noodles.JPG */,
				446E74AB21412FF300B326D9 /* chocolate muffin.jpg */,
				446E74AC21412FF300B326D9 /* french fries.jpg */,
				446E74AD21412FF300B326D9 /* hamburger.jpg */,
				446E74AE21412FF300B326D9 /* hotdog.jpg */,
				446E74AF21412FF300B326D9 /* orange juice.jpg */,
				446E74B021412FF300B326D9 /* pasta.jpg */,
				446E74B121412FF300B326D9 /* pizza.jpg */,
				446E74B221412FF300B326D9 /* steak.jpg */,
			);
			path = FoodPictures;
			sourceTree = "<group>";
		};
/* End PBXGroup section */

/* Begin PBXNativeTarget section */
		446E747E21412FD800B326D9 /* TinderClone */ = {
			isa = PBXNativeTarget;
			buildConfigurationList = 446E749F21412FD800B326D9 /* Build configuration list for PBXNativeTarget "TinderClone" */;
			buildPhases = (
				446E747B21412FD800B326D9 /* Sources */,
				446E747C21412FD800B326D9 /* Frameworks */,
				446E747D21412FD800B326D9 /* Resources */,
			);
			buildRules = (
			);
			dependencies = (
			);
			name = TinderClone;
			productName = TinderClone;
			productReference = 446E747F21412FD800B326D9 /* TinderClone.app */;
			productType = "com.apple.product-type.application";
		};
		446E749521412FD800B326D9 /* TinderCloneTests */ = {
			isa = PBXNativeTarget;
			buildConfigurationList = 446E74A221412FD800B326D9 /* Build configuration list for PBXNativeTarget "TinderCloneTests" */;
			buildPhases = (
				446E749221412FD800B326D9 /* Sources */,
				446E749321412FD800B326D9 /* Frameworks */,
				446E749421412FD800B326D9 /* Resources */,
			);
			buildRules = (
			);
			dependencies = (
				446E749821412FD800B326D9 /* PBXTargetDependency */,
			);
			name = TinderCloneTests;
			productName = TinderCloneTests;
			productReference = 446E749621412FD800B326D9 /* TinderCloneTests.xctest */;
			productType = "com.apple.product-type.bundle.unit-test";
		};
/* End PBXNativeTarget section */

/* Begin PBXProject section */
		446E747721412FD800B326D9 /* Project object */ = {
			isa = PBXProject;
			attributes = {
				LastSwiftUpdateCheck = 0920;
				LastUpgradeCheck = 0920;
				ORGANIZATIONNAME = "Kate Roberts";
				TargetAttributes = {
					446E747E21412FD800B326D9 = {
						CreatedOnToolsVersion = 9.2;
						ProvisioningStyle = Automatic;
					};
					446E749521412FD800B326D9 = {
						CreatedOnToolsVersion = 9.2;
						ProvisioningStyle = Automatic;
						TestTargetID = 446E747E21412FD800B326D9;
					};
				};
			};
			buildConfigurationList = 446E747A21412FD800B326D9 /* Build configuration list for PBXProject "TinderClone" */;
			compatibilityVersion = "Xcode 8.0";
			developmentRegion = en;
			hasScannedForEncodings = 0;
			knownRegions = (
				en,
				Base,
			);
			mainGroup = 446E747621412FD800B326D9;
			productRefGroup = 446E748021412FD800B326D9 /* Products */;
			projectDirPath = "";
			projectRoot = "";
			targets = (
				446E747E21412FD800B326D9 /* TinderClone */,
				446E749521412FD800B326D9 /* TinderCloneTests */,
			);
		};
/* End PBXProject section */

/* Begin PBXResourcesBuildPhase section */
		446E747D21412FD800B326D9 /* Resources */ = {
			isa = PBXResourcesBuildPhase;
			buildActionMask = 2147483647;
			files = (
				44D8B3AD216240F30019077D /* veggienugget.JPG in Resources */,
				44D8B38F2162408D0019077D /* cheeseandonioncrisps.JPG in Resources */,
				446E749021412FD800B326D9 /* LaunchScreen.storyboard in Resources */,
				44D8B397216240AC0019077D /* noodles.JPG in Resources */,
				44D8B399216240B80019077D /* nuts.JPG in Resources */,
				446E748D21412FD800B326D9 /* Assets.xcassets in Resources */,
				44D8B3872162407D0019077D /* bread.JPG in Resources */,
				44D8B3A9216240EA0019077D /* tomatosoup.JPG in Resources */,
				44D8B385216240790019077D /* apple.JPG in Resources */,
				44D8B391216240950019077D /* crisps.JPG in Resources */,
				44D8B38B216240850019077D /* carrot.JPG in Resources */,
				44D8B38D216240890019077D /* cheese.JPG in Resources */,
				44D8B3AF216240F80019077D /* walnuts.JPG in Resources */,
				446E748821412FD800B326D9 /* Main.storyboard in Resources */,
				44D8B39B216240BE0019077D /* olives.JPG in Resources */,
				44D8B395216240A40019077D /* IMG_7457.JPG in Resources */,
				44D8B3932162409E0019077D /* egg.JPG in Resources */,
				44D8B3AB216240EE0019077D /* tuna.JPG in Resources */,
				44D8B39F216240CA0019077D /* readysaltedcrisps.JPG in Resources */,
				44D8B389216240810019077D /* broccili.JPG in Resources */,
				44D8B3A7216240E60019077D /* sweetcorn.JPG in Resources */,
				44D8B39D216240C30019077D /* penne.JPG in Resources */,
				44D8B3A1216240CE0019077D /* rice.JPG in Resources */,
				44D8B3A3216240D70019077D /* ricecake.JPG in Resources */,
				44D8B3832162403C0019077D /* FoodData.csv in Resources */,
				44D8B3A5216240DB0019077D /* saltandvinegarcrisps.JPG in Resources */,
			);
			runOnlyForDeploymentPostprocessing = 0;
		};
		446E749421412FD800B326D9 /* Resources */ = {
			isa = PBXResourcesBuildPhase;
			buildActionMask = 2147483647;
			files = (
			);
			runOnlyForDeploymentPostprocessing = 0;
		};
/* End PBXResourcesBuildPhase section */

/* Begin PBXSourcesBuildPhase section */
		446E747B21412FD800B326D9 /* Sources */ = {
			isa = PBXSourcesBuildPhase;
			buildActionMask = 2147483647;
			files = (
				4406F23921620B8F00155818 /* YesCollectionViewController.swift in Sources */,
				4406F23C21620B8F00155818 /* MaybeCollectionViewCell.swift in Sources */,
				44D8B37F216216D60019077D /* YesCollectionViewLayout.swift in Sources */,
				4406F23A21620B8F00155818 /* MaybeCollectionViewController.swift in Sources */,
				4498109C2150F90200508599 /* CustomViewController.swift in Sources */,
				4406F23821620B8F00155818 /* noCollectionViewCell.swift in Sources */,
				446E748521412FD800B326D9 /* ViewController.swift in Sources */,
				446E748B21412FD800B326D9 /* TinderClone.xcdatamodeld in Sources */,
				44E02FC02150E508005ABC65 /* noFoodTableView.swift in Sources */,
				4406F23721620B8F00155818 /* NoCollectionViewController.swift in Sources */,
				446E748321412FD800B326D9 /* AppDelegate.swift in Sources */,
				44EABBD3214D61AA006AB475 /* Snippets.swift in Sources */,
				4406F23B21620B8F00155818 /* YesCollectionViewCell.swift in Sources */,
			);
			runOnlyForDeploymentPostprocessing = 0;
		};
		446E749221412FD800B326D9 /* Sources */ = {
			isa = PBXSourcesBuildPhase;
			buildActionMask = 2147483647;
			files = (
				446E749B21412FD800B326D9 /* TinderCloneTests.swift in Sources */,
			);
			runOnlyForDeploymentPostprocessing = 0;
		};
/* End PBXSourcesBuildPhase section */

/* Begin PBXTargetDependency section */
		446E749821412FD800B326D9 /* PBXTargetDependency */ = {
			isa = PBXTargetDependency;
			target = 446E747E21412FD800B326D9 /* TinderClone */;
			targetProxy = 446E749721412FD800B326D9 /* PBXContainerItemProxy */;
		};
/* End PBXTargetDependency section */

/* Begin PBXVariantGroup section */
		446E748621412FD800B326D9 /* Main.storyboard */ = {
			isa = PBXVariantGroup;
			children = (
				446E748721412FD800B326D9 /* Base */,
			);
			name = Main.storyboard;
			sourceTree = "<group>";
		};
		446E748E21412FD800B326D9 /* LaunchScreen.storyboard */ = {
			isa = PBXVariantGroup;
			children = (
				446E748F21412FD800B326D9 /* Base */,
			);
			name = LaunchScreen.storyboard;
			sourceTree = "<group>";
		};
/* End PBXVariantGroup section */

/* Begin XCBuildConfiguration section */
		446E749D21412FD800B326D9 /* Debug */ = {
			isa = XCBuildConfiguration;
			buildSettings = {
				ALWAYS_SEARCH_USER_PATHS = NO;
				CLANG_ANALYZER_NONNULL = YES;
				CLANG_ANALYZER_NUMBER_OBJECT_CONVERSION = YES_AGGRESSIVE;
				CLANG_CXX_LANGUAGE_STANDARD = "gnu++14";
				CLANG_CXX_LIBRARY = "libc++";
				CLANG_ENABLE_MODULES = YES;
				CLANG_ENABLE_OBJC_ARC = YES;
				CLANG_WARN_BLOCK_CAPTURE_AUTORELEASING = YES;
				CLANG_WARN_BOOL_CONVERSION = YES;
				CLANG_WARN_COMMA = YES;
				CLANG_WARN_CONSTANT_CONVERSION = YES;
				CLANG_WARN_DIRECT_OBJC_ISA_USAGE = YES_ERROR;
				CLANG_WARN_DOCUMENTATION_COMMENTS = YES;
				CLANG_WARN_EMPTY_BODY = YES;
				CLANG_WARN_ENUM_CONVERSION = YES;
				CLANG_WARN_INFINITE_RECURSION = YES;
				CLANG_WARN_INT_CONVERSION = YES;
				CLANG_WARN_NON_LITERAL_NULL_CONVERSION = YES;
				CLANG_WARN_OBJC_LITERAL_CONVERSION = YES;
				CLANG_WARN_OBJC_ROOT_CLASS = YES_ERROR;
				CLANG_WARN_RANGE_LOOP_ANALYSIS = YES;
				CLANG_WARN_STRICT_PROTOTYPES = YES;
				CLANG_WARN_SUSPICIOUS_MOVE = YES;
				CLANG_WARN_UNGUARDED_AVAILABILITY = YES_AGGRESSIVE;
				CLANG_WARN_UNREACHABLE_CODE = YES;
				CLANG_WARN__DUPLICATE_METHOD_MATCH = YES;
				CODE_SIGN_IDENTITY = "iPhone Developer";
				COPY_PHASE_STRIP = NO;
				DEBUG_INFORMATION_FORMAT = dwarf;
				ENABLE_STRICT_OBJC_MSGSEND = YES;
				ENABLE_TESTABILITY = YES;
				GCC_C_LANGUAGE_STANDARD = gnu11;
				GCC_DYNAMIC_NO_PIC = NO;
				GCC_NO_COMMON_BLOCKS = YES;
				GCC_OPTIMIZATION_LEVEL = 0;
				GCC_PREPROCESSOR_DEFINITIONS = (
					"DEBUG=1",
					"$(inherited)",
				);
				GCC_WARN_64_TO_32_BIT_CONVERSION = YES;
				GCC_WARN_ABOUT_RETURN_TYPE = YES_ERROR;
				GCC_WARN_UNDECLARED_SELECTOR = YES;
				GCC_WARN_UNINITIALIZED_AUTOS = YES_AGGRESSIVE;
				GCC_WARN_UNUSED_FUNCTION = YES;
				GCC_WARN_UNUSED_VARIABLE = YES;
				IPHONEOS_DEPLOYMENT_TARGET = 11.2;
				MTL_ENABLE_DEBUG_INFO = YES;
				ONLY_ACTIVE_ARCH = YES;
				SDKROOT = iphoneos;
				SWIFT_ACTIVE_COMPILATION_CONDITIONS = DEBUG;
				SWIFT_OPTIMIZATION_LEVEL = "-Onone";
			};
			name = Debug;
		};
		446E749E21412FD800B326D9 /* Release */ = {
			isa = XCBuildConfiguration;
			buildSettings = {
				ALWAYS_SEARCH_USER_PATHS = NO;
				CLANG_ANALYZER_NONNULL = YES;
				CLANG_ANALYZER_NUMBER_OBJECT_CONVERSION = YES_AGGRESSIVE;
				CLANG_CXX_LANGUAGE_STANDARD = "gnu++14";
				CLANG_CXX_LIBRARY = "libc++";
				CLANG_ENABLE_MODULES = YES;
				CLANG_ENABLE_OBJC_ARC = YES;
				CLANG_WARN_BLOCK_CAPTURE_AUTORELEASING = YES;
				CLANG_WARN_BOOL_CONVERSION = YES;
				CLANG_WARN_COMMA = YES;
				CLANG_WARN_CONSTANT_CONVERSION = YES;
				CLANG_WARN_DIRECT_OBJC_ISA_USAGE = YES_ERROR;
				CLANG_WARN_DOCUMENTATION_COMMENTS = YES;
				CLANG_WARN_EMPTY_BODY = YES;
				CLANG_WARN_ENUM_CONVERSION = YES;
				CLANG_WARN_INFINITE_RECURSION = YES;
				CLANG_WARN_INT_CONVERSION = YES;
				CLANG_WARN_NON_LITERAL_NULL_CONVERSION = YES;
				CLANG_WARN_OBJC_LITERAL_CONVERSION = YES;
				CLANG_WARN_OBJC_ROOT_CLASS = YES_ERROR;
				CLANG_WARN_RANGE_LOOP_ANALYSIS = YES;
				CLANG_WARN_STRICT_PROTOTYPES = YES;
				CLANG_WARN_SUSPICIOUS_MOVE = YES;
				CLANG_WARN_UNGUARDED_AVAILABILITY = YES_AGGRESSIVE;
				CLANG_WARN_UNREACHABLE_CODE = YES;
				CLANG_WARN__DUPLICATE_METHOD_MATCH = YES;
				CODE_SIGN_IDENTITY = "iPhone Developer";
				COPY_PHASE_STRIP = NO;
				DEBUG_INFORMATION_FORMAT = "dwarf-with-dsym";
				ENABLE_NS_ASSERTIONS = NO;
				ENABLE_STRICT_OBJC_MSGSEND = YES;
				GCC_C_LANGUAGE_STANDARD = gnu11;
				GCC_NO_COMMON_BLOCKS = YES;
				GCC_WARN_64_TO_32_BIT_CONVERSION = YES;
				GCC_WARN_ABOUT_RETURN_TYPE = YES_ERROR;
				GCC_WARN_UNDECLARED_SELECTOR = YES;
				GCC_WARN_UNINITIALIZED_AUTOS = YES_AGGRESSIVE;
				GCC_WARN_UNUSED_FUNCTION = YES;
				GCC_WARN_UNUSED_VARIABLE = YES;
				IPHONEOS_DEPLOYMENT_TARGET = 11.2;
				MTL_ENABLE_DEBUG_INFO = NO;
				SDKROOT = iphoneos;
				SWIFT_OPTIMIZATION_LEVEL = "-Owholemodule";
				VALIDATE_PRODUCT = YES;
			};
			name = Release;
		};
		446E74A021412FD800B326D9 /* Debug */ = {
			isa = XCBuildConfiguration;
			buildSettings = {
				ASSETCATALOG_COMPILER_APPICON_NAME = AppIcon;
				CODE_SIGN_STYLE = Automatic;
				INFOPLIST_FILE = TinderClone/Info.plist;
				LD_RUNPATH_SEARCH_PATHS = "$(inherited) @executable_path/Frameworks";
				PRODUCT_BUNDLE_IDENTIFIER = com.example.TinderClone;
				PRODUCT_NAME = "$(TARGET_NAME)";
				SWIFT_VERSION = 4.0;
				TARGETED_DEVICE_FAMILY = "1,2";
			};
			name = Debug;
		};
		446E74A121412FD800B326D9 /* Release */ = {
			isa = XCBuildConfiguration;
			buildSettings = {
				ASSETCATALOG_COMPILER_APPICON_NAME = AppIcon;
				CODE_SIGN_STYLE = Automatic;
				INFOPLIST_FILE = TinderClone/Info.plist;
				LD_RUNPATH_SEARCH_PATHS = "$(inherited) @executable_path/Frameworks";
				PRODUCT_BUNDLE_IDENTIFIER = com.example.TinderClone;
				PRODUCT_NAME = "$(TARGET_NAME)";
				SWIFT_VERSION = 4.0;
				TARGETED_DEVICE_FAMILY = "1,2";
			};
			name = Release;
		};
		446E74A321412FD800B326D9 /* Debug */ = {
			isa = XCBuildConfiguration;
			buildSettings = {
				ALWAYS_EMBED_SWIFT_STANDARD_LIBRARIES = YES;
				BUNDLE_LOADER = "$(TEST_HOST)";
				CODE_SIGN_STYLE = Automatic;
				INFOPLIST_FILE = TinderCloneTests/Info.plist;
				LD_RUNPATH_SEARCH_PATHS = "$(inherited) @executable_path/Frameworks @loader_path/Frameworks";
				PRODUCT_BUNDLE_IDENTIFIER = com.example.TinderCloneTests;
				PRODUCT_NAME = "$(TARGET_NAME)";
				SWIFT_VERSION = 4.0;
				TARGETED_DEVICE_FAMILY = "1,2";
				TEST_HOST = "$(BUILT_PRODUCTS_DIR)/TinderClone.app/TinderClone";
			};
			name = Debug;
		};
		446E74A421412FD800B326D9 /* Release */ = {
			isa = XCBuildConfiguration;
			buildSettings = {
				ALWAYS_EMBED_SWIFT_STANDARD_LIBRARIES = YES;
				BUNDLE_LOADER = "$(TEST_HOST)";
				CODE_SIGN_STYLE = Automatic;
				INFOPLIST_FILE = TinderCloneTests/Info.plist;
				LD_RUNPATH_SEARCH_PATHS = "$(inherited) @executable_path/Frameworks @loader_path/Frameworks";
				PRODUCT_BUNDLE_IDENTIFIER = com.example.TinderCloneTests;
				PRODUCT_NAME = "$(TARGET_NAME)";
				SWIFT_VERSION = 4.0;
				TARGETED_DEVICE_FAMILY = "1,2";
				TEST_HOST = "$(BUILT_PRODUCTS_DIR)/TinderClone.app/TinderClone";
			};
			name = Release;
		};
/* End XCBuildConfiguration section */

/* Begin XCConfigurationList section */
		446E747A21412FD800B326D9 /* Build configuration list for PBXProject "TinderClone" */ = {
			isa = XCConfigurationList;
			buildConfigurations = (
				446E749D21412FD800B326D9 /* Debug */,
				446E749E21412FD800B326D9 /* Release */,
			);
			defaultConfigurationIsVisible = 0;
			defaultConfigurationName = Release;
		};
		446E749F21412FD800B326D9 /* Build configuration list for PBXNativeTarget "TinderClone" */ = {
			isa = XCConfigurationList;
			buildConfigurations = (
				446E74A021412FD800B326D9 /* Debug */,
				446E74A121412FD800B326D9 /* Release */,
			);
			defaultConfigurationIsVisible = 0;
			defaultConfigurationName = Release;
		};
		446E74A221412FD800B326D9 /* Build configuration list for PBXNativeTarget "TinderCloneTests" */ = {
			isa = XCConfigurationList;
			buildConfigurations = (
				446E74A321412FD800B326D9 /* Debug */,
				446E74A421412FD800B326D9 /* Release */,
			);
			defaultConfigurationIsVisible = 0;
			defaultConfigurationName = Release;
		};
/* End XCConfigurationList section */

/* Begin XCVersionGroup section */
		446E748921412FD800B326D9 /* TinderClone.xcdatamodeld */ = {
			isa = XCVersionGroup;
			children = (
				446E748A21412FD800B326D9 /* TinderClone.xcdatamodel */,
			);
			currentVersion = 446E748A21412FD800B326D9 /* TinderClone.xcdatamodel */;
			path = TinderClone.xcdatamodeld;
			sourceTree = "<group>";
			versionGroupType = wrapper.xcdatamodel;
		};
/* End XCVersionGroup section */
	};
	rootObject = 446E747721412FD800B326D9 /* Project object */;
}
